github.com/gohugoio/hugo-mod-jslibs-dist/popperjs/v2 v2.21100.20000 h1:GZxx4Hc+yb0/t3/rau1j8XlAxLE4CyXns2fqQbyqWfs=
github.com/gohugoio/hugo-mod-jslibs-dist/popperjs/v2 v2.21100.20000/go.mod h1:mFberT6ZtcchrsDtfvJM7aAH2bDKLdOnruUHl0hlapI=
github.com/hbstack/back-to-top v0.1.2 h1:eQ05oJjjl6ByFMKjuSCYJDLl5i5DCRyUt7Z5EdsxzIU=
github.com/hbstack/back-to-top v0.1.2/go.mod h1:/Hc4gkEbdaNLSd5j7jjYsvjl39UBX0bTO5/g4ltNfR0=
github.com/hbstack/base v0.2.0 h1:BtLH7i8uxUM5TMr1kaaVeJ/Yu/5FeZJ1MquxPFXgpNU=
github.com/hbstack/base v0.2.0/go.mod h1:f0mafnZoiQ3YYvRb82o605NEQVbQ3wzRYzhW4PZjrJ4=
github.com/hbstack/base v0.2.1 h1:u3lkO9MhjA6HomkJ6hzt0R7sA0u330bo6lbxVrF1FiI=
github.com/hbstack/base v0.2.1/go.mod h1:6SqazoH3UBSuwSHV1kyEDWcIJg+Cef++w8p45VSsSHQ=
github.com/hbstack/base v0.2.2/go.mod h1:hBRf/kdIQnd7iEhBxr6A+jMwwgJC76MbiAin1eUdHkQ=
github.com/hbstack/bigger-picture v0.9.2 h1:JTvg77xSkUBvz0TAX/eVDllFYAxpiCECxwX14H52kxc=
github.com/hbstack/bigger-picture v0.9.2/go.mod h1:CficQfdxEJx1U/5JOUOSgAqkH40XxdnSRcvLzsyHMl8=
github.com/hbstack/blog v0.15.3 h1:qHMaRBe3uQ4xnCDoZQ+7uvEXFDO36WAjhIVSMhuZuIQ=
github.com/hbstack/blog v0.15.3/go.mod h1:wkpk4NRbmwB3A+tu0KZFQ5qkPDbF/Vgvxgiot2olM+0=
github.com/hbstack/blog v0.15.5/go.mod h1:PUptR70n73JrJPvp7DwG4BsOKSD8vQUVjRFmTreVY4o=
github.com/hbstack/blog v0.15.6/go.mod h1:PUptR70n73JrJPvp7DwG4BsOKSD8vQUVjRFmTreVY4o=
github.com/hbstack/blog v0.15.7/go.mod h1:l9CC8dn4Ld/OZTxLFq1Q2s+DMCnisgE6fUxXXT8Q5Ks=
github.com/hbstack/blog v0.15.8/go.mod h1:eyO2jY0S5VC7D2DPAW80c0YEAj8+8fyRmKvlKBwTV9Y=
github.com/hbstack/blog v0.15.9/go.mod h1:CGEILF/dAKWnkXru0R/eEDikXMPxvBFeOTvFZsg2L/s=
github.com/hbstack/blog v0.16.0/go.mod h1:MZiQPU9CMlM/fKtCihoKRD7xR+243P9LymQ9R+JEKcQ=
github.com/hbstack/blog v0.16.1 h1:Y+HY0DPZKj1CSBnNyU4/1Bt1yNBpVgJoquEfjQ1hNqQ=
github.com/hbstack/blog v0.16.1/go.mod h1:8sBP+PIq/hKN6Y99DuA3jup+aFUl/bbB8okNgwERNOs=
github.com/hbstack/blog v0.17.0/go.mod h1:Bgd+QmsuBWQQs19OsYSJ08a4Bjc74Ntbda+jROslwZU=
github.com/hbstack/blog v0.18.0/go.mod h1:KnzxoBimPscpB0275kItIJPWM989KPj6ADJIbZTGaY0=
github.com/hbstack/blog v0.18.1/go.mod h1:KnzxoBimPscpB0275kItIJPWM989KPj6ADJIbZTGaY0=
github.com/hbstack/blog/modules/breadcrumb v0.1.9 h1:Uu/jgco3W9z1FtP58ovQX58CWMDe1mhqYFLl6wVz2W8=
github.com/hbstack/blog/modules/breadcrumb v0.1.9/go.mod h1:Fk0VcnTs3EOhQHkGgZuwsemZHDqiDT/QfcI565oJCtk=
github.com/hbstack/blog/modules/breadcrumb v0.1.10/go.mod h1:tgG3n8+4Ap71K+tW9dyE4EN5/ZjmXh4jnjRMxUwg1yQ=
github.com/hbstack/blog/modules/breadcrumb v0.1.11/go.mod h1:m88W4yLWqn29Oc8iIArCE5LXAC2ZefZvw2nQ+YKlT9w=
github.com/hbstack/blog/modules/breadcrumb v0.1.12/go.mod h1:oaM9EWWpD0SOJBD0AO09JUTPdfJ26HHHPrRNboycGok=
github.com/hbstack/blog/modules/breadcrumb v0.1.13/go.mod h1:d1fkB4UEG9ncXkAUKYDDz3Foib+v4q5wW5sroIpXmQc=
github.com/hbstack/blog/modules/breadcrumb v0.1.14/go.mod h1:QnT56HSOtIE3fTNkAMXWp6Ts1um+zWDlhdLNdGpN4zo=
github.com/hbstack/blog/modules/breadcrumb v0.1.15/go.mod h1:Bx0kizY5MaRUu+HpLiq76u425dfBFZce41ls1NZRqz4=
github.com/hbstack/blog/modules/breadcrumb v0.1.16 h1:QpGFMv0xgE07Ow3qa2wW4Gv59FvhfgzYQxutIPNsUAc=
github.com/hbstack/blog/modules/breadcrumb v0.1.16/go.mod h1:IDJYZB2NaalO9aOFt06WZROsA96Mo9L7pUIG3trBt0I=
github.com/hbstack/blog/modules/breadcrumb v0.1.17/go.mod h1:LVnjsdno11DPcJoWH3xnhrHReeiX5zP+vJRoFo+DmDQ=
github.com/hbstack/blog/modules/breadcrumb v0.1.18/go.mod h1:XSyz077RIZLjgPf88hn+vi/6k18aO8Nklzye4ipwaro=
github.com/hbstack/blog/modules/breadcrumb v0.1.19/go.mod h1:A006/NK+6qiL/2lQ42CA9rVw00St28G2tGCQOIFJSqA=
github.com/hbstack/blog/modules/breadcrumb v0.1.20/go.mod h1:y7ILJ8vd+NCizDDRqdqxuajUV62YrwBk72728lcWPvw=
github.com/hbstack/blog/modules/content-panel v0.1.8 h1:00MUX6+sQzZ/8P2Wzb9SM0wGp2v/C0cMroZ/XncMwoc=
github.com/hbstack/blog/modules/content-panel v0.1.8/go.mod h1:USYeK1r0AuC+qeLdO9dJKF4J30VUn8FezAJRp2oWI00=
github.com/hbstack/blog/modules/content-panel v0.1.9/go.mod h1:a+4eKXG0Z0zE78GoKacTalo+J6POXCzrrPk7TT1ukPU=
github.com/hbstack/blog/modules/content-panel v0.1.10/go.mod h1:uknMpSxqTEAHEiZR+xIYtRnJVxV7q6HW+qxN9XJyCLk=
github.com/hbstack/blog/modules/content-panel v0.1.11/go.mod h1:iXM7I30AEl80RDGJKtCuroEx/6DSgIchyuqkClbC5yU=
github.com/hbstack/blog/modules/content-panel v0.1.12/go.mod h1:q+0yFyYokRpqTEPPt+4dNIagqezE/xf+IQknci7Kt9Q=
github.com/hbstack/blog/modules/content-panel v0.1.13/go.mod h1:UPGkM9mBIlVDxPY78TZzByYRpbJsv1S3LyxigApm1/U=
github.com/hbstack/blog/modules/content-panel v0.1.14/go.mod h1:pSnmMUO9hQbn+O0KdJm6lVYbBnZRJl+55678B2+TWGk=
github.com/hbstack/blog/modules/content-panel v0.1.15 h1:8tvqHXmJjTCLyddMk9qPr8J3bLAs5GgYqvvqHjN7864=
github.com/hbstack/blog/modules/content-panel v0.1.15/go.mod h1:37Rt6RXyK7nvbcVvgZzWVoUALx0dN6rVzNi7E5kvXck=
github.com/hbstack/blog/modules/content-panel v0.1.16/go.mod h1:+zozaA+Az0pUO6o1jEcNNjnL293o2f1G+XElC2nQgwU=
github.com/hbstack/blog/modules/content-panel v0.1.18/go.mod h1:k1j6k74zWYw0cdYYTs8QXBWBV6z0Jc3u4GBKqavzkas=
github.com/hbstack/blog/modules/content-panel v0.1.19/go.mod h1:urRo3WWw/U5p8XkHBvHxtKj+iyXBPvND8fSCB9Qv4IY=
github.com/hbstack/blog/modules/featured-image v0.2.8 h1:KdFBhk29SNRqY75cUaGppHaBNwqkbhdgy8Q/klNytBQ=
github.com/hbstack/blog/modules/featured-image v0.2.8/go.mod h1:hF90CiZRG57ntx0dkJIbO3XBgvaqZFmTmSnWqIEJqg4=
github.com/hbstack/blog/modules/featured-image v0.2.9/go.mod h1:wL9vQqZlUfhPFKvHaSjsGQTFaMAkYRkPrmdtrZwI8mE=
github.com/hbstack/blog/modules/featured-image v0.2.10/go.mod h1:i9GtUQV9PJuULiHg0k/E3AiC8nEYdPEkXZahoXD7wwc=
github.com/hbstack/blog/modules/featured-image v0.2.11/go.mod h1:RkMGNqp6WnzGfA/2V6R89AVEjsYcaq0FlF8KhsbbQ+0=
github.com/hbstack/blog/modules/featured-image v0.2.12 h1:8/r88r+AArb5GG9/1ZOaGDaJQy3fUDNPQ3SadbyLEec=
github.com/hbstack/blog/modules/featured-image v0.2.12/go.mod h1:3g1A/4TgrLaT8cZX1lsdgGRrjN+IQHy2Mt1ig3+NEKA=
github.com/hbstack/blog/modules/featured-image v0.2.18/go.mod h1:7xorHxzuSnSO9N1T+sxTZhTr6Lt+V8h6mEmNasG1bmo=
github.com/hbstack/blog/modules/featured-image v0.2.19/go.mod h1:5jaQDmc9Ralz4QICY8e9JPlmDfsg3WeNStlsFrUSPVQ=
github.com/hbstack/blog/modules/giscus v0.1.10 h1:eCaAaP9WNe48HFNwPoClG0eNOJlIKdZLsf6TQWw4lU0=
github.com/hbstack/blog/modules/giscus v0.1.10/go.mod h1:1x/XzqIQE2NhNmR3ZUFcJBIusqwjR3RMau8C6VJo1+E=
github.com/hbstack/blog/modules/giscus v0.1.11/go.mod h1:P9Ujw7WlGkYudDfARbsF/1Mapnzz4pj/ZdlES2gxqoQ=
github.com/hbstack/blog/modules/giscus v0.1.12/go.mod h1:MalfmjWUPlf/jPVZfIMuaDK8nuG3Fmfy7Oq0uk4Rl3E=
github.com/hbstack/blog/modules/giscus v0.1.13/go.mod h1:U9w/9nu7/Kx9GQxpsyFRqTAoMr1nipKRl/mqbDrxZ5Q=
github.com/hbstack/blog/modules/giscus v0.1.14/go.mod h1:TfM3NJHKDdwjp9nSW5TUc9fOqRYdiDzcO15GG/EhZTA=
github.com/hbstack/blog/modules/giscus v0.1.15/go.mod h1:cXrRGDlK6l68KytwxjpTLTyfTXR1xkyyKDFpY3iye3Q=
github.com/hbstack/blog/modules/giscus v0.1.16/go.mod h1:ZX9SFRIdFs/CklBjI5T4VojMmJZuHgdxYdOjAF4zI90=
github.com/hbstack/blog/modules/giscus v0.1.17 h1:3NimjlmZ2kFpw7fNcPtmeL8jqTkeuVbhe8xNUTdcVVU=
github.com/hbstack/blog/modules/giscus v0.1.17/go.mod h1:xY7UBKskg2etEzxyR8auCn93A8ish5OTxOtGIxrzCUw=
github.com/hbstack/blog/modules/giscus v0.1.18/go.mod h1:d4RWuHkMr7/xGeo+V3aheE/kAOVjcUF/PJTh2cMZQUI=
github.com/hbstack/blog/modules/giscus v0.1.20/go.mod h1:wFSsz//dY4vg8U+w+Z2naQTZveiL9nXA/Ez05FXVx/A=
github.com/hbstack/blog/modules/giscus v0.1.21/go.mod h1:J84B9Mx0OvhtHVcj/Vanaj2HUvqS9n+plAvI5I4iRy4=
github.com/hbstack/blog/modules/heading-sign v0.1.10 h1:JgSy7JaWvOHB9Yqpn3/WwTn9FFYUw5ImAqNxXidsP9g=
github.com/hbstack/blog/modules/heading-sign v0.1.10/go.mod h1:WPRFzXASGj3H0/a0EtuvHyns8YzuQp1iqc7ymRib01Q=
github.com/hbstack/blog/modules/heading-sign v0.1.11/go.mod h1:sGlRPgNKwL6kafIlT/xAZtKBViuyiB7Tfx6Sn/JoZec=
github.com/hbstack/blog/modules/heading-sign v0.1.12/go.mod h1:NiRha6ek9POlc6ZxbcP5hxPDva9XCcDAE0SLZ89P7tc=
github.com/hbstack/blog/modules/heading-sign v0.1.13/go.mod h1:R21UOgyJMpmvIZA1/VNPRZka5Fl9e5v1NoFdtt5Kamg=
github.com/hbstack/blog/modules/heading-sign v0.1.14/go.mod h1:Q4lbhSy1BZ9zjCzDECtyx7Sna1QxiREpQttHiIfbVkI=
github.com/hbstack/blog/modules/heading-sign v0.1.15/go.mod h1:9Ly5ZUsXsKqcdymXRYEP2GlOKypoNqA/0oARLo/FbTU=
github.com/hbstack/blog/modules/heading-sign v0.1.16/go.mod h1:DEcSa8eaKIsOD/e+KVSH4IxSdeEzhGOA4flgkHMGqnQ=
github.com/hbstack/blog/modules/heading-sign v0.1.17 h1:OHWkooDomjqkVRkgwMgj64Y/DKpTItfg4tIKf/3EEzI=
github.com/hbstack/blog/modules/heading-sign v0.1.17/go.mod h1:O7fC6ln+vfQ+xpTP+jjH3axqN8HkP/NFyT0xCTBTF+8=
github.com/hbstack/blog/modules/heading-sign v0.1.18/go.mod h1:8VvVQC5HXt4eDJg/KsAu+H6kAEV21xthXcn98NSDKpM=
github.com/hbstack/blog/modules/heading-sign v0.1.20/go.mod h1:P2daipU5Zl95PqHpFzAPq6/2hoG7V4GlaDtpHBBmtWU=
github.com/hbstack/blog/modules/heading-sign v0.1.21/go.mod h1:iOmZZFbVPejTWKSSS49hUpdXEAsK+VdM94pcQkvLlGk=
github.com/hbstack/blog/modules/post-nav v0.2.7 h1:engSv6oELxBUSqTTM0F5ck2AgqEQrBMTRP4QDQAozs4=
github.com/hbstack/blog/modules/post-nav v0.2.7/go.mod h1:xmtft09u1LjIX1ADvfhuOkK1s31f91Te/7KTO35GF6E=
github.com/hbstack/blog/modules/post-nav v0.2.8/go.mod h1:gHCQOi7E81fgfChgEBeEh23Ig4kvLUgDuh0O3l4ZL6g=
github.com/hbstack/blog/modules/post-nav v0.2.9/go.mod h1:pKRlCy3s5jvWpLzs4Yf47eH+blIUMZmS3RzxetaJ8GE=
github.com/hbstack/blog/modules/post-nav v0.2.10/go.mod h1:0GS4LynQFq/zTfyo5PEbgCQNeLS0Simvu5jC8LptkuE=
github.com/hbstack/blog/modules/post-nav v0.2.11/go.mod h1:Dn/jDQ1TpDdioYYZyxlRvnhkMkV0Oc0wY3Yj3PMtc64=
github.com/hbstack/blog/modules/post-nav v0.2.12/go.mod h1:eHcLia78CNnsy0uiLqL/WWRB8Q66D8Nxr1N8ygqAcBc=
github.com/hbstack/blog/modules/post-nav v0.2.13/go.mod h1:i7ikEFM4y7tFVc3Hle2xw6RHcXNgJcfyxUbeHJiOe9I=
github.com/hbstack/blog/modules/post-nav v0.2.14 h1:YaTSQGlfcM2m2T9yRuU7b/rhFKHt6RX8TuKNfdnwND8=
github.com/hbstack/blog/modules/post-nav v0.2.14/go.mod h1:qdavGlLCaDcFfWTqVV23w4+XU7xC53xtGm4tajQv27g=
github.com/hbstack/blog/modules/post-nav v0.2.15/go.mod h1:d06kyy89kkf8D9gj350+cNOLhcmhn4VbGDkX4QgjWl8=
github.com/hbstack/blog/modules/post-nav v0.3.1/go.mod h1:xR3YFqdXSbEyL6w31UC7EbfY9sY7Wcu56D2oDIxVxi8=
github.com/hbstack/blog/modules/post-nav v0.3.2/go.mod h1:VUOkPqGKHVll+IPgI0oZlhjw1IAZwlibT184dnKVzYE=
github.com/hbstack/blog/modules/related-posts v0.1.9 h1:norOzFsvh+4Ilajo3dQStzR3MFGqLZNEndPziGCEBz8=
github.com/hbstack/blog/modules/related-posts v0.1.9/go.mod h1:qi1dPpXI24nhDn1wNIZCs9vSHblhVdSD1cUcq2Yii6g=
github.com/hbstack/blog/modules/related-posts v0.1.10/go.mod h1:nscPM1j+RNjKMQT15yxqe/ejuN5IDsROIks+yXTwqn8=
github.com/hbstack/blog/modules/related-posts v0.1.11/go.mod h1:qiDGf3KC/aCV+R1PZ5YhNZsB8UhrLHn/26outzgstWA=
github.com/hbstack/blog/modules/related-posts v0.1.12/go.mod h1:VrN7C5rOzjQ3rHbO68kavy/u3gB1FgaWsbFkPH0mG/A=
github.com/hbstack/blog/modules/related-posts v0.1.13/go.mod h1:qoqDRe0lxq4olu+DwYODjcunbkJvSn+isQDy4Svf964=
github.com/hbstack/blog/modules/related-posts v0.1.14/go.mod h1:pyzb1WNinQ3g4epq0mDzpo6LoXx1XX7LOtXbcZB1GYQ=
github.com/hbstack/blog/modules/related-posts v0.1.15/go.mod h1:Y0Vt7R0BLRdPfkJq5ZK6npXrZA6vDmBWU/woDA5IVyw=
github.com/hbstack/blog/modules/related-posts v0.1.16 h1:BoBE7ep3T1OKe8sOOXECrhnoAnRZ0CJ66EsRL0dTMug=
github.com/hbstack/blog/modules/related-posts v0.1.16/go.mod h1:e+FQvL55bomTZbnnv8QgONoB9JJfX7LWB9VMaIgVwoc=
github.com/hbstack/blog/modules/related-posts v0.1.17/go.mod h1:ZCopBSvf9MBz+2cCvkIToVGJYIq6DF+6Ppu1M7nURpk=
github.com/hbstack/blog/modules/related-posts v0.2.1/go.mod h1:AMUnUU8fmRqXvi+/iGcA7WNGlG5DQNBKRNOGjuqtM6w=
github.com/hbstack/blog/modules/related-posts v0.2.2/go.mod h1:yx3jhSPZy1G2RtW2GZDijZtqm9w7A2y0ng3vmoKZs8g=
github.com/hbstack/blog/modules/sidebar/posts v0.3.0 h1:xVIW9u8/n6z/rQ6XhAb59QpK+8GjUxbxr+VJ/EZl3F8=
github.com/hbstack/blog/modules/sidebar/posts v0.3.0/go.mod h1:IhQnUSy+AE6useDkXQzbnk0Xglxt3IpD+LdhNCooP8k=
github.com/hbstack/blog/modules/sidebar/posts v0.3.1/go.mod h1:kOi58vcF5V3rVorW2MbU6FR5ryNZCcpNYlnJxahyeis=
github.com/hbstack/blog/modules/sidebar/posts v0.3.2/go.mod h1:Q3sUa5WY3aB3OhQ/GCamMp4USQZhVMQFq0h3KGZUiK8=
github.com/hbstack/blog/modules/sidebar/posts v0.3.3/go.mod h1:spxfUfUoMabxTEm2zYhRQRIYpsjdL26WhZWw6JlDXqA=
github.com/hbstack/blog/modules/sidebar/posts v0.3.5/go.mod h1:shjxhZjFWizh5jCDUYVyxSodfQY+GmGWUm1tpT5otL8=
github.com/hbstack/blog/modules/sidebar/posts v0.4.0/go.mod h1:gJS5hM317aePUYW+yr8bktFj6A0UMBh6x7YkXTWRk1E=
github.com/hbstack/blog/modules/sidebar/posts v0.4.1 h1:Rm2XsOcrZawAGStGd+M3TqxsjInTjKMtlGfVAQY1ARA=
github.com/hbstack/blog/modules/sidebar/posts v0.4.1/go.mod h1:M8CMgswKKdXCSj8T3Jpm8YCmu3TMKjo8tyCokkvknvI=
github.com/hbstack/blog/modules/sidebar/posts v0.4.2/go.mod h1:AAx+h1z2S0a2+ujP0IFAwIizRxTPEt3M5EFSGVVgDlA=
github.com/hbstack/blog/modules/sidebar/posts v0.5.1/go.mod h1:91ajNkYdnXm0R7e+HoRnrMd4NY+4tWrMHw8CJPphtac=
github.com/hbstack/blog/modules/sidebar/posts v0.5.2/go.mod h1:eZcNDN2qxsCc8/dPl9rJq9yTVz/sFUakjPoWiNIXxy4=
github.com/hbstack/blog/modules/sidebar/profile v1.0.1 h1:HPzJVJfnuaZMezQPLcp6iHP/0IaKkR+S40pj9gjeEH0=
github.com/hbstack/blog/modules/sidebar/profile v1.0.1/go.mod h1:nKn0ajlOhVzRfL4gRlAnEtOVtF99abtVpV2OdDc8u8o=
github.com/hbstack/blog/modules/sidebar/profile v1.0.2/go.mod h1:nKn0ajlOhVzRfL4gRlAnEtOVtF99abtVpV2OdDc8u8o=
github.com/hbstack/blog/modules/sidebar/profile v1.1.1/go.mod h1:UWQtPUgZByUsjVZ8ffLLwHZqJRrLYkoCpIt6cc7E/Q8=
github.com/hbstack/blog/modules/sidebar/profile v1.1.2/go.mod h1:TL2LkbSODAw9cqvqKnERcBBGdLNqobkP9pqZvjz18Jc=
github.com/hbstack/blog/modules/sidebar/taxonomies v0.3.0 h1:9SU4V/on4rt6iDVFlwJ0DFXumY91OHSydTM9PnUhAUU=
github.com/hbstack/blog/modules/sidebar/taxonomies v0.3.0/go.mod h1:rp7uDyLO55qqKoMN5LHoVQWlp34QI+IxqHH86J8rO6A=
github.com/hbstack/blog/modules/sidebar/taxonomies v0.3.1/go.mod h1:EW5SOveqE7UXEWrFH/Hydyq88cVckTDcTmXeagVhFZs=
github.com/hbstack/blog/modules/sidebar/taxonomies v0.3.2/go.mod h1:fierdrX/PktzmrY0Juiy9KK575AqYSDQ6NaMntrw9tI=
github.com/hbstack/blog/modules/sidebar/taxonomies v0.3.3/go.mod h1:1OQiSka6qKi3T4b3LYuU2RBWfRLvWYYdFIOXfaKNfb8=
github.com/hbstack/blog/modules/sidebar/taxonomies v0.3.4/go.mod h1:9Gy0AGtLqa1TWwkAtQCio9HiRJNzpCYZBWLiKw99KWM=
github.com/hbstack/blog/modules/sidebar/taxonomies v0.3.5/go.mod h1:YicDDhA7JQEiM70nctBT735J5AoSO6wIRBuUnQpF0Jc=
github.com/hbstack/blog/modules/sidebar/taxonomies v0.3.6/go.mod h1:2f/s/+K8JT+mxWmOOH9riv90Wr4InwtglgG7iLnM4d4=
github.com/hbstack/blog/modules/sidebar/taxonomies v0.3.7 h1:pmxuL3dj97HFQVurNRH4bOxPJwEBxz/zWMWIF6dPdA8=
github.com/hbstack/blog/modules/sidebar/taxonomies v0.3.7/go.mod h1:yOkIT/T8hgNTOFf2ayXLJRzeKmijQV7vyYqHMLzVla4=
github.com/hbstack/blog/modules/sidebar/taxonomies v0.3.8/go.mod h1:Aar45g+OQ2dURIZoZdhWM1ND0fdE+aypMxrii4xtQIA=
github.com/hbstack/blog/modules/sidebar/taxonomies v0.3.10/go.mod h1:WOzLjjV0XP5zoEbrkxbTNleTcJoYT/rvDksj2/HTnAw=
github.com/hbstack/blog/modules/sidebar/taxonomies v0.3.11/go.mod h1:BzgSqgo39En5bWiiCqqWbzHEX/4RfwpK5sMsvmXiASk=
github.com/hbstack/blog/modules/toc-scrollspy v0.1.7 h1:GoN0uBJ7SswUUZ6czNIidMpMsHYw0z76q2BPyVzyHlU=
github.com/hbstack/blog/modules/toc-scrollspy v0.1.7/go.mod h1:hlL6ZNm0EOesvLabkPR1tE4V3lo13sTU46Cy8u4ZRoU=
github.com/hbstack/blog/modules/toc-scrollspy v0.1.8/go.mod h1:1osk0kIV3Qc0bDDTS5xbF9LgOEq7OFqr/Vpeolx0PNM=
github.com/hbstack/blog/modules/toc-scrollspy v0.1.9/go.mod h1:iGrKAJhs8sKxWnII/x0WoEbrdMlgyDuWRMMjQNHoV5g=
github.com/hbstack/blog/modules/toc-scrollspy v0.1.10/go.mod h1:HgloOEOKMyXUmiBeHuncgdn/5rISues5YRl9tk5mQXE=
github.com/hbstack/blog/modules/toc-scrollspy v0.1.12/go.mod h1:nHWK5K6QJCZNuTtftFS3if/ngfbve6FLLyCECQ7ikCg=
github.com/hbstack/blog/modules/toc-scrollspy v0.1.13/go.mod h1:S7Loz2mdD13wO+COAMtcCL6+fSR1Q7hMHxsEoygafcc=
github.com/hbstack/blog/modules/toc-scrollspy v0.1.14 h1:onY9rMuYc6FcLU8UV2LqbInfVPioLAtiFDhUX6TwMOI=
github.com/hbstack/blog/modules/toc-scrollspy v0.1.14/go.mod h1:PUbx1vwXBWQNdkUOpx5b2XxjtdPXzHG3Sc35gATN/gM=
github.com/hbstack/blog/modules/toc-scrollspy v0.1.15/go.mod h1:0vX7BNDMXNqecPbE4nG20FJ8I/40JgY3WsANEC3QkHQ=
github.com/hbstack/blog/modules/toc-scrollspy v0.1.17/go.mod h1:gkTJ3vQbgvU4O91Z7qgH9tb/khH1a6FTK/lqHkm3Unc=
github.com/hbstack/bootstrap v0.2.0 h1:pHZ1KQ0HHwhHFbgzZ401kMSxkS7Tg0I/X002SD6WHak=
github.com/hbstack/bootstrap v0.2.0/go.mod h1:BqrUe89qxDkc8kxJ4iaK/XZxzZrWhlGloOFJfcNxAUU=
github.com/hbstack/carousel v0.2.2 h1:2WQINzBXMdTsvCA6GbMiRIyAOwZ00CCNybRjBgf43sc=
github.com/hbstack/carousel v0.2.2/go.mod h1:7ksA42jkP82YsGJqKOU9izqiZBLpIBDBuMY6+IAuTZI=
github.com/hbstack/carousel v0.2.3 h1:4jCjvd2+MDm9sAp3FOtPVa06JmnNLdfBRTxtkyrXl/M=
github.com/hbstack/carousel v0.2.3/go.mod h1:BUoUKVTPOSoE2iCJABFoCURetHa6OCw6r+gr5DBYavo=
github.com/hbstack/carousel v0.2.4/go.mod h1:AchKlXiqYNZouE3Ee/VSSQle2FUZV5CJgTnPBFI7Gj0=
github.com/hbstack/code-block-panel v0.1.1 h1:9fHjXmlU7x8nbWI3Qr9t5YnRDtaF9auqPWMpsUNMGuc=
github.com/hbstack/code-block-panel v0.1.1/go.mod h1:EJ9PgJrLnJ8DQ0SxU6DrdOesLF1h+YF1MCtMd0DodQg=
github.com/hbstack/content-panel v0.2.1 h1:gJrYTs3ZBoFtr8Nz3n0qBgYVw2p85ckHliMgSEy+Tw0=
github.com/hbstack/content-panel v0.2.1/go.mod h1:uziMPdakxW3G06PtvzB7peAI4h4ALWHP3xSbyHFWx+k=
github.com/hbstack/content-panel v0.2.2 h1:gQLxbG2VQp9AIog6EPm5Ik8dJvAu5hT7PmOX0pXeWu8=
github.com/hbstack/content-panel v0.2.2/go.mod h1:3ULgfai6RGTGpd7+pS+eeZSZr2qKgofonncXSEIpz8M=
github.com/hbstack/content-panel v0.2.3/go.mod h1:btJhaVMoOh9mSAqM4sFfjsCCJB/D253cnR//Y7Lx5xI=
github.com/hbstack/docs v0.6.1 h1:wjb5WYjE5/P5NnQt021F/Lttru2OEhO3RdV3qp8kl9s=
github.com/hbstack/docs v0.6.1/go.mod h1:z8VxwLJBWlAcOuhX3HYkaJZNI1GH+4MHXkxyhLbGD0M=
github.com/hbstack/docs v0.6.2/go.mod h1:6KRCHZf9ga3qGai15W1TVeFHjiUnL0Sx6AqwCBx9DH0=
github.com/hbstack/docs v0.6.3/go.mod h1:acVS6usgVQJAaRRZzLrcn57TCsulG4GOXYIoTuuY1gI=
github.com/hbstack/docs v0.6.4 h1:Uid2yk/x95i2qGfOQ3x06cSlVaHIYl08zNdmdO7D60o=
github.com/hbstack/docs v0.6.4/go.mod h1:kSVzryHYdTGxWh0TF0Nvkk8BoZBQLgiokgPUK8hKfzs=
github.com/hbstack/docs/modules/breadcrumb v0.1.3 h1:AByUO76E70focCJ1ImiBECWdWXZ7V66OHj2qOdjVDRk=
github.com/hbstack/docs/modules/breadcrumb v0.1.3/go.mod h1:7nIWgf4vBaWuKWIG5zzDxzNNfLdF4lU5z70YSVDpNvA=
github.com/hbstack/docs/modules/breadcrumb v0.1.4/go.mod h1:eVBeBRMxVJp/cVDyim9ttBPewoT+T42cHAwvgCff0sM=
github.com/hbstack/docs/modules/breadcrumb v0.1.5/go.mod h1:71G0JBETeacoQpATdia/pfs/u8VvqLAvzdqjabDra6I=
github.com/hbstack/docs/modules/breadcrumb v0.1.6 h1:oShbIYWTKT+mOUyFVCep58U/cVJInnWt1YSlqcXMhMs=
github.com/hbstack/docs/modules/breadcrumb v0.1.6/go.mod h1:a+K5/jvdYPlSgragg2Og3qn1To/gwSR+vYxHKYFUJS8=
github.com/hbstack/docs/modules/content-panel v0.1.2 h1:VqGx8TZfSxAabuAyWuxBjWHrBPP+83+xq2tn/4Yzx8I=
github.com/hbstack/docs/modules/content-panel v0.1.2/go.mod h1:ytvtc/Ml6Jnp9GI9lUvd3F/FFgyt3msd75veAXea2Ro=
github.com/hbstack/docs/modules/doc-nav v0.2.2 h1:UVzbp/uOjf+XMgbRMxoJIInrGZtDrEjeNgc8SbO1Arc=
github.com/hbstack/docs/modules/doc-nav v0.2.2/go.mod h1:wyIyDH4lRVOpxOL/U8vwpsvCuUqJhFE4GZ5Ic31KyU0=
github.com/hbstack/docs/modules/doc-nav v0.2.3/go.mod h1:OiY6i4qm8WclDsvYnEsKD+vwMGTVV1XT4njjG0McYfU=
github.com/hbstack/docs/modules/doc-nav v0.2.4/go.mod h1:JFSXt7n4tgwNYLrE7afBfFWqIFg8vJ+Ynrno964uHas=
github.com/hbstack/docs/modules/doc-nav v0.2.5 h1:9JQbivRmauRsw2cyS1NRSbpoXIeMWQFafsZbYGWaQ00=
github.com/hbstack/docs/modules/doc-nav v0.2.5/go.mod h1:pBJKJb0X6zhWKcCJcyG13yrd3HumoDptQATFP4teW9o=
github.com/hbstack/docs/modules/featured-image v0.2.2 h1:ES1XoN6MdJtzFyPFCJo9AoUDNNcWGYJpCEDeVtPDeL8=
github.com/hbstack/docs/modules/featured-image v0.2.2/go.mod h1:npR6D4Bbu2RiVDGkJFQC6qpM30vSqIIbGXxP+/ueEIo=
github.com/hbstack/docs/modules/featured-image v0.2.4/go.mod h1:PPBq89wTysWnCZGuN8AgLqKj6+niaqkloNoAhOZAD9M=
github.com/hbstack/docs/modules/featured-image v0.2.5 h1:Yt0WYsLEMLvlGyXtLyuoMBH/tMkzN7upfNrLAHxei2Q=
github.com/hbstack/docs/modules/featured-image v0.2.5/go.mod h1:xO6X2rM/zCEFbpfejHCUzbNeqfbuyYCxcycngt+V+kA=
github.com/hbstack/docs/modules/giscus v0.1.4 h1:gyCyb4ispdUnoF6EJbNghD82/jf9BCS7aR8b6oZPTZY=
github.com/hbstack/docs/modules/giscus v0.1.4/go.mod h1:7gkUNgTeMUqpUTPAGwhD7lSBScMZBO1lKscP92XuUfw=
github.com/hbstack/docs/modules/giscus v0.1.5/go.mod h1:OEWWifHO3BTYxg14jFcY8WPG7KpdWg+bjoDeN7ozku0=
github.com/hbstack/docs/modules/giscus v0.1.6/go.mod h1:NGVZZ4dpSOiNf34XH4Slj4lWSsXg6eoh6JM7Rk/LRyE=
github.com/hbstack/docs/modules/giscus v0.1.7 h1:SW6AMAVDdDh/RiZdaKbCKUvjfq1n6ugWlKjRo+SySV0=
github.com/hbstack/docs/modules/giscus v0.1.7/go.mod h1:97ZeoBJr54chr6u70HUDtkiVBDGwYl9lZAC9lmbpjhY=
github.com/hbstack/docs/modules/heading-sign v0.1.3 h1:IBUTQA0at5jC2BZ7Oba6soq+kKuG96LTDF1+yn82oxI=
github.com/hbstack/docs/modules/heading-sign v0.1.3/go.mod h1:NSNFqQW8ERXp2R24Lu7PWSaTYmOQgSHE9qAxlsEq4s4=
github.com/hbstack/docs/modules/heading-sign v0.1.5/go.mod h1:OBBwUztXZ8xhOtBoipEBvt7D73NQ5Ic0piL2eU89qag=
github.com/hbstack/docs/modules/heading-sign v0.1.6 h1:5OgBkLlbEEDtQcBcIiek36ey3KXncHFwyYnhLlVbNCg=
github.com/hbstack/docs/modules/heading-sign v0.1.6/go.mod h1:uDDtKAQi/XHH6pPCsbpPFMI7Ba3ZGjFYpSewxfwPJYk=
github.com/hbstack/docs/modules/toc-scrollspy v0.1.1 h1:sF6MLsVh+XFm5UgIGHR9rIhRa9C+WAhfA0n/czjQzKE=
github.com/hbstack/docs/modules/toc-scrollspy v0.1.1/go.mod h1:Nd1iRY6jIt2CysHTaztEpwqycKf1n/r67nl9YKTE/NE=
github.com/hbstack/docs/modules/toc-scrollspy v0.1.2/go.mod h1:nfuMmZL9VP4uRjrG9wLT+80TXd0QWQiLJMc9H2NCyPs=
github.com/hbstack/docs/modules/toc-scrollspy v0.1.3/go.mod h1:bcHhZKtbwpYhkFKaeSCqwEFv95uQde3m+kq9OkUNQqU=
github.com/hbstack/docs/modules/toc-scrollspy v0.1.4 h1:rorlYljbsRsdqKlwODre3t6n8VL8B5B8u0EtVXq1naY=
github.com/hbstack/docs/modules/toc-scrollspy v0.1.4/go.mod h1:Ed/fo05NbSSs+HN7nYiJXGWf9KGbeVXCqmdU0LSTu+o=
github.com/hbstack/footer v0.2.1 h1:GZbSRcGNMeKAiDLeai0cPaEnztkDBraTNQqe2uap944=
github.com/hbstack/footer v0.2.1/go.mod h1:ldb4b95D/7NVWQWFTIngasypCA+QQQRj1I+1BEyOi/c=
github.com/hbstack/footer v0.2.2/go.mod h1:ap949YxPpXEhcYPoZt2RTCS3tfeEMwsdRIqSvCrM2No=
github.com/hbstack/footer v0.2.3/go.mod h1:83AHk2CsJmFjLu6Tz1z/indPsWFU3WGVb3EI/IX2g1k=
github.com/hbstack/footer v0.2.4/go.mod h1:L0ZYdYRROlGUGLRA9QchkYeByHIff/EU4WKRdAUW+E8=
github.com/hbstack/footer v0.2.5 h1:SBelvFYo8/IDPisprlZxEaR70PXcoHfjL+2mm1ir6/A=
github.com/hbstack/footer v0.2.5/go.mod h1:L0ZYdYRROlGUGLRA9QchkYeByHIff/EU4WKRdAUW+E8=
github.com/hbstack/footer/modules/socials v0.2.0 h1:XuwETIZWBUGpt6z84lL/BWDF2VtswNto4K6f1/iCFwk=
github.com/hbstack/footer/modules/socials v0.2.0/go.mod h1:v3fTaaKwjSjyX+XwpaK6Mey3pYLWTxhHXlvs2C3wztQ=
github.com/hbstack/footer/modules/socials v0.2.1/go.mod h1:7UoIgqN0ADAwxt3p/VAMeBdcFZeiuQtOLMGMB2g6Q14=
github.com/hbstack/footer/modules/socials v0.2.2/go.mod h1:sDb2P7iE/bVOwsPBICE0g7PSt8jzHvpTMSq5yzy4Odw=
github.com/hbstack/footer/modules/socials v0.2.3/go.mod h1:9sMLvKEtYVfP4w2xQDUQcqcO4Ws04fgu9cDQzZygyMc=
github.com/hbstack/footer/modules/socials v0.2.4 h1:O2wfIFWVzmGWiel+uT9ipGYhdIuqqaG34UZ3wwLDJ10=
github.com/hbstack/footer/modules/socials v0.2.4/go.mod h1:pdjL1xFGtz9Tob7b8LtOtKWvY+krtH2zv0xF6v8JS1E=
github.com/hbstack/gallery v0.5.0 h1:pU/JOG3lTUz0KYM/AGyLSigeIIAZrtzGHdR6DVn9Mvo=
github.com/hbstack/gallery v0.5.0/go.mod h1:QbWQt6m6D0gnOm1LyvaZQzXU2EVsZgnh+y8z6nMsL/k=
github.com/hbstack/gallery/modules/breadcrumb v0.1.0 h1:zenzwq4EiE2PIB2gx8QU4I2Zx9KAK901EWpgLGu5XqA=
github.com/hbstack/gallery/modules/breadcrumb v0.1.0/go.mod h1:7E1zwN0GC59OsXAUEALUiYWJhQw5hGPnpHfRHQDS/5Q=
github.com/hbstack/hb v0.5.1 h1:8ikjjP7Rvnq1inaR53KezTX49es6+Ph053fHk+uY+to=
github.com/hbstack/hb v0.5.1/go.mod h1:qlNnPNO1MRsrxxDvFMz98DMFafaBgvtAfBYiteR3i1A=
github.com/hbstack/hb v0.5.2/go.mod h1:S/08mx1tK6yxjQIkSqvpqG8HrBzMBDJq1WC5QjXW9p0=
github.com/hbstack/hb v0.6.0/go.mod h1:S/08mx1tK6yxjQIkSqvpqG8HrBzMBDJq1WC5QjXW9p0=
github.com/hbstack/hb v0.7.0/go.mod h1:S/08mx1tK6yxjQIkSqvpqG8HrBzMBDJq1WC5QjXW9p0=
github.com/hbstack/hb v0.7.1 h1:bnlE/KrhOKADI5aydZG822kT1o9QR8I8TdOWugqaMJE=
github.com/hbstack/hb v0.7.1/go.mod h1:S/08mx1tK6yxjQIkSqvpqG8HrBzMBDJq1WC5QjXW9p0=
github.com/hbstack/header v0.4.2 h1:bK4wQOq8Q9JUMd8R4jgZMLY+2lkLoygc96TH+Lmt+y0=
github.com/hbstack/header v0.4.2/go.mod h1:zw0yPq+tdR9djAdPG9tgNN3MV1IT5m0n6Z9AgG+n2WY=
github.com/hbstack/header v0.4.3/go.mod h1:zw0yPq+tdR9djAdPG9tgNN3MV1IT5m0n6Z9AgG+n2WY=
github.com/hbstack/header v0.4.4/go.mod h1:BMdysr68KL0Qmo0mufE2AepsO5YXSbBkjmIrwydhpng=
github.com/hbstack/header v0.5.0/go.mod h1:BMdysr68KL0Qmo0mufE2AepsO5YXSbBkjmIrwydhpng=
github.com/hbstack/header v0.6.0/go.mod h1:BMdysr68KL0Qmo0mufE2AepsO5YXSbBkjmIrwydhpng=
github.com/hbstack/header v0.7.0/go.mod h1:BMdysr68KL0Qmo0mufE2AepsO5YXSbBkjmIrwydhpng=
github.com/hbstack/header v0.7.1/go.mod h1:BMdysr68KL0Qmo0mufE2AepsO5YXSbBkjmIrwydhpng=
github.com/hbstack/header v0.8.0/go.mod h1:ZnACw6m73xB7Z5TUTyjErh6yURnMDDSWj8BVVrR9/+M=
github.com/hbstack/header v0.8.1/go.mod h1:ZnACw6m73xB7Z5TUTyjErh6yURnMDDSWj8BVVrR9/+M=
github.com/hbstack/header v0.8.2/go.mod h1:ihpMPmzro0155ZHtd3t95C1R5NN61JUZ/0Hng3GpiGo=
github.com/hbstack/header v0.9.0/go.mod h1:ihpMPmzro0155ZHtd3t95C1R5NN61JUZ/0Hng3GpiGo=
github.com/hbstack/header v0.10.0/go.mod h1:MkFJjAqVs/pgOEBjdCzBTdjT6q43It0PGvZh56OkdB4=
github.com/hbstack/header v0.10.1/go.mod h1:MkFJjAqVs/pgOEBjdCzBTdjT6q43It0PGvZh56OkdB4=
github.com/hbstack/header v0.11.0/go.mod h1:MkFJjAqVs/pgOEBjdCzBTdjT6q43It0PGvZh56OkdB4=
github.com/hbstack/header v0.11.1/go.mod h1:MkFJjAqVs/pgOEBjdCzBTdjT6q43It0PGvZh56OkdB4=
github.com/hbstack/header v0.11.3/go.mod h1:MkFJjAqVs/pgOEBjdCzBTdjT6q43It0PGvZh56OkdB4=
github.com/hbstack/header v0.12.0 h1:VMqJP3v2SMPnsiZ7VkcE1C1scyBc47FHM8AeDFbGBwI=
github.com/hbstack/header v0.12.0/go.mod h1:MkFJjAqVs/pgOEBjdCzBTdjT6q43It0PGvZh56OkdB4=
github.com/hbstack/header/modules/language-picker v0.1.3 h1:VhmnpjhgpBgFIEgdzv+MCw36JUL5EiPuva1yk62XmIY=
github.com/hbstack/header/modules/language-picker v0.1.3/go.mod h1:nR1OD8B9ifA45MvKbdn3Eo/BMbUhsoOYO5A3lz3ufI0=
github.com/hbstack/header/modules/language-picker v0.1.5/go.mod h1:66uz/5PHLTD8+74gzCPStumMlk98gvpnaBg5pJ6SoHA=
github.com/hbstack/header/modules/language-picker v0.1.7/go.mod h1:ATJlDMzFrrpVwnxNCNQWZ/KefWPicg3OfWK2ua3U5JE=
github.com/hbstack/header/modules/language-picker v0.1.8/go.mod h1:VGiXhPGZLUz3jvZ3IUWwcVVV/KwWu//3L0ecTj13BlI=
github.com/hbstack/header/modules/language-picker v0.1.9/go.mod h1:gXAGppaPSFgj536cSkq1R8Ll882K/66/n2OfCKKH2Nw=
github.com/hbstack/header/modules/language-picker v0.1.10/go.mod h1:Mfa9vdrWU6dvTpgT8zbCuyNuEbmbv8U7w/K786SrXk0=
github.com/hbstack/header/modules/language-picker v0.1.11/go.mod h1:XDw3snLGKspNY+Id9gVetD7ljLFjcfnuTlbFSMopONg=
github.com/hbstack/header/modules/language-picker v0.1.12/go.mod h1:imd+ayLpbymZUFD67Vt05VFZ9nk3t/lgF4RAeSvVIFc=
github.com/hbstack/header/modules/language-picker v0.1.14/go.mod h1:rHukdXlCDa5duCRq74+gMSdYlx7iyTMYwq3gdYrDGRA=
github.com/hbstack/header/modules/language-picker v0.1.15/go.mod h1:QaGGd0KcagIHLLA4GfzV6Kz2nFj6GguWdbUUDka0Ygo=
github.com/hbstack/header/modules/language-picker v0.1.16/go.mod h1:l2+rZ+sPOS7sV/A4qAh6ByxD4P2L6aeSl5H/ldYQTO4=
github.com/hbstack/header/modules/language-picker v0.1.17/go.mod h1:nbdkbAXd0DlNJgfG/QPMQ56rfvD1n58YLI03XZeUEmU=
github.com/hbstack/header/modules/language-picker v0.1.18/go.mod h1:NktjHB9iRkmFH5rZ1XXPc7D40mcMOipDmKyCoxwGfxM=
github.com/hbstack/header/modules/language-picker v0.1.20 h1:IgcAdIu2mSdBCeU6hnTQP35GChwMzIIJP6y4GS90jqk=
github.com/hbstack/header/modules/language-picker v0.1.20/go.mod h1:aNct66xWjiQoxjNiUIGDA0gwvjPyyRQ5Qdww+BCPMuw=
github.com/hbstack/header/modules/search v0.1.11 h1:oHK94E/PlAikNv8dKrFtosL2ICNTJGUOUMCX9n1TCbs=
github.com/hbstack/header/modules/search v0.1.11/go.mod h1:aIbHinH/W5tio9d7dGut5qIe2D6+hq20d3d/ySY0L4M=
github.com/hbstack/header/modules/search v0.1.13/go.mod h1:6HqHCnhXOAoOYo/SMB594CoDFo111t4snyHboLbE4OE=
github.com/hbstack/header/modules/search v0.1.14/go.mod h1:lwfnI8bHhzwAahF8THQC8l8C2b0AT7pMMFHC4miXO8c=
github.com/hbstack/header/modules/search v0.1.15/go.mod h1:pEov0jTv7m/sIuPskdyKlFW3J20XW7Aaua7xImBitzU=
github.com/hbstack/header/modules/search v0.1.16/go.mod h1:ZPJGMESIC0ZsDW3+YH3wrHLKLkqFQWZeBwtID9w9Hpg=
github.com/hbstack/header/modules/search v0.1.17/go.mod h1:0yrYgQhscH8yYR4E2lc7rdEQUfVwAceHLIEvdUvxg0U=
github.com/hbstack/header/modules/search v0.1.18/go.mod h1:zHhvwD5gDrpCC5bosiKrReBq055xiWkmYw0bBTXAHDo=
github.com/hbstack/header/modules/search v0.1.19/go.mod h1:u/NaeNfAKX0nHZB32OcwLsUMeAht5mBStfqUaCknNyo=
github.com/hbstack/header/modules/search v0.1.20/go.mod h1:gnYVovvdcWFOsOkh1BkSGDGwCZSwj8cK3Ojau8bDdIY=
github.com/hbstack/header/modules/search v0.1.21/go.mod h1:gnYVovvdcWFOsOkh1BkSGDGwCZSwj8cK3Ojau8bDdIY=
github.com/hbstack/header/modules/search v0.1.22/go.mod h1:qR3mWfTQJ57XXK15grq5wFFZj/mrQI16pd4DTjmXzuo=
github.com/hbstack/header/modules/search v0.1.24/go.mod h1:Y4TtJmovCaGm7lEnB/Gw0CARgqACo/vjKFRFqfvCTJM=
github.com/hbstack/header/modules/search v0.1.25/go.mod h1:hJ8dLBzZ4RnBcWk+w/HCc6EvMjaeCU5mxjgZ396yH/8=
github.com/hbstack/header/modules/search v0.1.26/go.mod h1:w2YFCBCcAYgqeL0rfqNOGU7i36jhATAHmWUt1F7HJDY=
github.com/hbstack/header/modules/search v0.1.27/go.mod h1:2xQ5lbiNTgWFFbUSMx0edktKhwtJs59wCwppwABPwQo=
github.com/hbstack/header/modules/search v0.1.28/go.mod h1:DEShhkQEvh36507BdXXLnAB6pNjNoDYC17EwfT4Al08=
github.com/hbstack/header/modules/search v0.1.30 h1:YRyTw3knziUgmAhCEtQzvZW2dUqX3hq6aWlpJug/W3U=
github.com/hbstack/header/modules/search v0.1.30/go.mod h1:DRhdnl4uzi6pjWmv0UMMUOlotLtUgFlWbGWZ2xXm4Js=
github.com/hbstack/header/modules/socials v0.1.4 h1:zIRJQhMLlVtz++6vz64EmwST2v8/5DJ2Th99C3QjELw=
github.com/hbstack/header/modules/socials v0.1.4/go.mod h1:n8izOgBpgMRHdaDOoibjM7DVkVwYfxpU6LL76w08cmI=
github.com/hbstack/header/modules/socials v0.1.6/go.mod h1:rkoeIpiyvTrmF/qgfhug/SRIVh3I3b9Cp4sqHB7Itrg=
github.com/hbstack/header/modules/socials v0.1.7/go.mod h1:63Zlq8aJbsBv1g5+/DQUM/seJPDxERVY2rot4tpI7ls=
github.com/hbstack/header/modules/socials v0.1.8/go.mod h1:9KGjJKUbI1cQOCjY7Um/hITLZ0HXMH1dCdfSfD/xszs=
github.com/hbstack/header/modules/socials v0.1.9/go.mod h1:cAHNlHbOsyiPGhx6pWVwWxOkBrEv66numZ2FC/tvz4Y=
github.com/hbstack/header/modules/socials v0.1.10/go.mod h1:XfR7YdC0xWLONW3JB6AKJlFneu0ACUVXGsyxnKABgKU=
github.com/hbstack/header/modules/socials v0.1.12/go.mod h1:ZsIpTMIbzZXgxTJcDFET1G1DRzIMfNet1FBDLKOPB78=
github.com/hbstack/header/modules/socials v0.1.13/go.mod h1:UHFg7sI/P29YYj1lv0z9iIHH+VbVT0HoF1YE5d8LEcs=
github.com/hbstack/header/modules/socials v0.1.14/go.mod h1:R8NOw+0rVLa5K7bncxFhzjUdxc5RYn5YZjjOrV89L18=
github.com/hbstack/header/modules/socials v0.1.15/go.mod h1:UX12ApPuJZ8iVGRpXC3Bi9Y7Hz9xEOXhdDynpeTT4m8=
github.com/hbstack/header/modules/socials v0.1.16/go.mod h1:+d3FUPdjvb65CP7uFPvq7EMejzzOQ/pujZVPqhABkRw=
github.com/hbstack/header/modules/socials v0.1.18/go.mod h1:PNRThsNsYmjPBpPj8/BIW+U1fTUh8NETlbmPePz8ioQ=
github.com/hbstack/header/modules/socials v0.1.19/go.mod h1:b+O/wj3vQmi4kearYSRCQZTMUDdTL+bUfAy6qk4efbc=
github.com/hbstack/header/modules/socials v0.1.20/go.mod h1:6XZezBRhEqDighVhF57mdJlUzlgpnmLy2UsI/blFBac=
github.com/hbstack/header/modules/socials v0.1.21/go.mod h1:SE4rxKlAQckRjF1ZIX8y3fSX1iHkrosf0T3bRFgvjYo=
github.com/hbstack/header/modules/socials v0.1.22/go.mod h1:6cKass3HgRKDDUChCB5uJYrs8y6kUprZFIBzaga985c=
github.com/hbstack/header/modules/socials v0.1.23/go.mod h1:wBLG4VnCNtVTD5XNGy1iwFsemCdTmroDV6+Ootoo4iY=
github.com/hbstack/header/modules/socials v0.1.24/go.mod h1:UU4FJT0/cqi/z4ttmBJlIQm9BdpEvuBaErmEBDVlPjc=
github.com/hbstack/header/modules/socials v0.1.26 h1:sJ/p578UCWZRqYLq6v7A5lRqQn9R6Y01SQ5cUsqOaRM=
github.com/hbstack/header/modules/socials v0.1.26/go.mod h1:ppyvjpy6wg/WxgDWSHXATx51/ykpTgLpXAq3BhMqT7A=
github.com/hbstack/header/modules/theme-toggle v0.1.3 h1:CHTgjbYGsV3qcv2DF/FJvMIt7N4fqE2BGfSJm8+CGBg=
github.com/hbstack/header/modules/theme-toggle v0.1.3/go.mod h1:wYgpqk7Wi80HsNTOn79GZjMbuG0Z03/+lf5sUzxB+tU=
github.com/hbstack/header/modules/theme-toggle v0.1.5/go.mod h1:k/cuCnNlBf+O/41QkAXLqj8EM1i+EmKzLZzamV9e45g=
github.com/hbstack/header/modules/theme-toggle v0.1.7/go.mod h1:e2hBCYFSrxT3Ds0PC6eX6lXtuDeULbP4xsekKkXKWJA=
github.com/hbstack/header/modules/theme-toggle v0.1.8/go.mod h1:cHK/758PF252579uSsOoScbiXJmGiFFaqgJQ0PwKSRU=
github.com/hbstack/header/modules/theme-toggle v0.1.9/go.mod h1:uF8+PZwzgfqEgl1uDrqs9Z72HE79QaPbXZj89dA3j8I=
github.com/hbstack/header/modules/theme-toggle v0.1.10/go.mod h1:pDDN8Xpi9vQGuVTksCJvUI9eeqpSITlOmzsrP5SlEPU=
github.com/hbstack/header/modules/theme-toggle v0.1.11/go.mod h1:CFUhd+aaBZNEkLBUkreM0bntQEQUrLfHl/71OzTfh7g=
github.com/hbstack/header/modules/theme-toggle v0.1.12/go.mod h1:IgM8QP65AHsh8MaaExgfri6KieJiaFAPcsZztjvgxEs=
github.com/hbstack/header/modules/theme-toggle v0.1.14/go.mod h1:7W99Yalps+pF9HviB0UB+M7bjX/Xd+LA17O0JqKceUs=
github.com/hbstack/header/modules/theme-toggle v0.1.15/go.mod h1:AnZ6WvVqTfFJedWC86/mUPq57nxpy6AhrJ19Vy6SRvc=
github.com/hbstack/header/modules/theme-toggle v0.1.16/go.mod h1:ikTS/T02uyyOQa9U9PVq0oF1idbjQm+ieCMM8bNUQ4k=
github.com/hbstack/header/modules/theme-toggle v0.1.17/go.mod h1:Wv12j/hd0VYgif8ecd/l2JXXQpynOu+AUSvSBiFtKVU=
github.com/hbstack/header/modules/theme-toggle v0.1.18/go.mod h1:QFRunk14ktM/oYuYxlKOnJvw0ZPFTiPnSSbWwSYLLc4=
github.com/hbstack/header/modules/theme-toggle v0.1.20 h1:W40lqIxTdBNIzEsounohYArk1daLaYruJNbZiHIgbDM=
github.com/hbstack/header/modules/theme-toggle v0.1.20/go.mod h1:JBLtu7vWYBtTE7GTiI7vR5BpdSbW4V025h6lEDNaSik=
github.com/hbstack/mermaid v0.1.0 h1:T/3Az7xujbFmbC4r1tZGKTwt6GOcz/72yc2N9oFNU2I=
github.com/hbstack/mermaid v0.1.0/go.mod h1:dQAfzX1SA4b3k5ytA8WPR5luxjX4ii7EdtoRsr8WLNw=
github.com/hbstack/meta/blog v0.2.5 h1:nVAALzFrEhVcCCi9T0AEYFX5RvYk12t3J8npzcAYKog=
github.com/hbstack/meta/blog v0.2.5/go.mod h1:C0ktddLJcixdIMC5NaGk4LKK5sHB5HH02shjtkv3Cvw=
github.com/hbstack/meta/blog v0.2.6/go.mod h1:Eq9e0utRHaG/PPhxXNi42zU4N449Fyzgcj5PkwoIQ7k=
github.com/hbstack/meta/blog v0.2.7/go.mod h1:g/6J2T9j8KJh6F1V6+Ae+57DOeShiWx8V52ij/4sSuI=
github.com/hbstack/meta/blog v0.2.8/go.mod h1:Vjqq2a0epwwZbN24KwDaMMgOpy+cNf4XRkS4h0s9/vQ=
github.com/hbstack/meta/blog v0.2.9/go.mod h1:pT2YaBIDi2MmJAmLrTdVKN2qaL2B3ftKtyYewo0d5Nc=
github.com/hbstack/meta/blog v0.2.10 h1:WU29mGXRk3xF0yoTBXXMlmdHZSiwfpGD1jOLZP1W104=
github.com/hbstack/meta/blog v0.2.10/go.mod h1:zc7OLaPCEdE6NhK5ZNoTL0+Ssz/cNu0GR6VnTgustN8=
github.com/hbstack/meta/blog v0.2.11/go.mod h1:GY06IFyO0MTRwILILwBVp55f3UWJHZvsEFQIwKra098=
github.com/hbstack/meta/content v0.4.4 h1:hNDng3htcTf3j9H3gX5eKImg/FGp0S7dg6MFxsdVoNA=
github.com/hbstack/meta/content v0.4.4/go.mod h1:3bpUZ62pwPNjklm3Z0BKOyATbB5tEy1ZVVMQJG96MO4=
github.com/hbstack/meta/content v0.4.5/go.mod h1:NAsgOSUZNdNkP2wyA52TKPNmQAh4NSyK12kFOMG7NBQ=
github.com/hbstack/meta/content v0.4.6/go.mod h1:Cx7ncFl3k1Gg8A1A3AtPrEdUMO0g9VDqXpEkmM7qTB4=
github.com/hbstack/meta/content v0.4.7/go.mod h1:I28fzGYqY/6UzcSMXb04PWCxuvxCoZ7QzQyRwCj1k8g=
github.com/hbstack/meta/content v0.4.8/go.mod h1:aA/lnX26oyqbkcDN+IvGFBGnXo6FgxxoCDxC6J02E78=
github.com/hbstack/meta/content v0.4.9 h1:dnwMBtFRTtYhg+7ZZ8EbudXWG0CUEohXUrikcj69tYw=
github.com/hbstack/meta/content v0.4.9/go.mod h1:jnzmn7m5AlH2tFSADT1881rjXunAjM/glt/YsNPp+IQ=
github.com/hbstack/meta/content v0.4.10/go.mod h1:HvIdcor/hsO1Rle3b9Q5H82P5EoK+xC5129OSY6uAJw=
github.com/hbstack/meta/docs v0.2.7 h1:xudBhmbUAjbmNQn5aHj361bBSUe5896C6dDhP286fKg=
github.com/hbstack/meta/docs v0.2.7/go.mod h1:KrDc3lHGwUGHQvwRQICnCSwPoxbUuzSaqEiKcrlWjbo=
github.com/hbstack/meta/docs v0.2.8/go.mod h1:ZmoLEWzHFsRPe+SNyXhsiU9tyQko7T9Zab+obHkP1gk=
github.com/hbstack/meta/docs v0.2.9/go.mod h1:utofsMY+FsfDOIt9jK2My26q+obktCJ7yHSqXTt0axw=
github.com/hbstack/meta/docs v0.2.10/go.mod h1:lqUVvUHQ8Ums5qGg+bsPJYQgN2EaAa+py3JJ5DjMx8I=
github.com/hbstack/meta/docs v0.2.11 h1:ReIoecjXVgClimPAAYgnw5kCQLvDDEbDh/4xU6MI8us=
github.com/hbstack/meta/docs v0.2.11/go.mod h1:zsDUYksHPjweMEAVPKd+bYfVswj5Iwl7QYv08NLYV+M=
github.com/hbstack/meta/docs v0.2.12/go.mod h1:OMMBkkVstyoC9TA/8KUPnKQle8Zrxo2fB0GuxRQ52KM=
github.com/hbstack/meta/footer v0.2.4 h1:0ezPSHIyA+qcGJuyib7aNKIPA3Rz8KEoTf+DIo7NhCI=
github.com/hbstack/meta/footer v0.2.4/go.mod h1:9fH3M3f1f9t2EjLPcitmKZxXb4RifXfiAVxnxKEutic=
github.com/hbstack/meta/footer v0.2.5/go.mod h1:3XdXtp2YgXv/axP1cGXOc1RIykt1u72KhhN0IGUfBqs=
github.com/hbstack/meta/footer v0.2.6/go.mod h1:qM8t0sV+hXrWU7BZmY1Ly4JJfx9VoAClDmnS68zDAj8=
github.com/hbstack/meta/footer v0.2.7/go.mod h1:TSxi6UV5NTYtiQmMBTFPzJuwAIooFCj01TJaNbCcboo=
github.com/hbstack/meta/footer v0.2.8 h1:oECKpdajwS7oul0VaRH+MqbTzw6mtVOO1EYfjbTMC48=
github.com/hbstack/meta/footer v0.2.8/go.mod h1:swmmWFoWbkMNlMrtHQICiuoiWiF10fGm1YbK5CJnL/Y=
github.com/hbstack/meta/footer v0.2.9/go.mod h1:mVwl+cGKRA63ofeYtrD6bXUKkR9S4aJZjYsxLe+8c3g=
github.com/hbstack/meta/header v0.2.4 h1:XKvyQtOoY8oUN9pn5XJqj68ZSKua41epsAvl0lYft+A=
github.com/hbstack/meta/header v0.2.4/go.mod h1:oe5fpdTpm7rGTcKII3L4pYus30UPkeEpP4H5E7ZGIXk=
github.com/hbstack/meta/header v0.2.6/go.mod h1:pvUfAQK3HuTbcGKvxycWidOT8RUHKItoK7jn9+gsMaU=
github.com/hbstack/meta/header v0.2.7/go.mod h1:6LM0bSQjkR/QXkFPN/YGUvKedULeoiwRm7v3d+xPtHM=
github.com/hbstack/meta/header v0.2.8/go.mod h1:7WtIJk0ihqTew4TQmvoyuJaagtbI4SCD24x3Z2wMrNM=
github.com/hbstack/meta/header v0.2.9/go.mod h1:Chl0/KjemoUJwYsv+qkLGMVxnvUzuh4HoSHJmYnc6i8=
github.com/hbstack/meta/header v0.2.10 h1:DGHy2JfctdD9uswiEdciLGiOmUgnFLzOMY44nV80CQE=
github.com/hbstack/meta/header v0.2.10/go.mod h1:uB3jStj+fJ1nSqM7qbJIQooNAbiLyIPXU5g3RX4u4Mk=
github.com/hbstack/meta/header v0.2.11/go.mod h1:GMFKSqtF2M1UrJew7EMdMfB1Gk/ASOaF5Yh8nnTv2CI=
github.com/hbstack/meta/recommended v0.2.3 h1:Rt4diCSvt45ypUZ/9rrAQCfFz7W3IAeTaIAjKm8/9W4=
github.com/hbstack/meta/recommended v0.2.3/go.mod h1:BMrAvoaRXym/gMl6f9ervMdQxairONEqXA6F+WvvX6o=
github.com/hbstack/meta/recommended v0.2.5/go.mod h1:2emYYxSvcli3Jg+Uf788Xf9aFPxGx6QyVFN9DJc45V8=
github.com/hbstack/meta/recommended v0.2.6/go.mod h1:awsDt/+403LNnIJN034gaIl7jdha/oaWJOMFVpY/Hjk=
github.com/hbstack/meta/recommended v0.2.7/go.mod h1:DXZagPEHAH7ue5GTm+ZQbWHA9UmCuszDBgi88BZuRPM=
github.com/hbstack/meta/recommended v0.2.8/go.mod h1:0AryzThnQpmoqZ4F2B14moR3AyawyLGOjL7vR+UnVKI=
github.com/hbstack/meta/recommended v0.2.9 h1:9w155wUQ5ZYqLIBP8GgsnJd9iPYqxjTfDXTJNpDzE6Y=
github.com/hbstack/meta/recommended v0.2.9/go.mod h1:SPfLwuEOAc8addpyY8Szd1rBi0ZaDekiIzNPNscABjg=
github.com/hbstack/meta/recommended v0.2.10/go.mod h1:OdGN+zqdgFbet5A6XrfjaTNUTd5L91rOUNRJxgq38fo=
github.com/hbstack/meta/seo v0.2.0 h1:0xemjrVWwLmYjzKCAmo/6vxWEHACXimjT7vlFYXgmCM=
github.com/hbstack/meta/seo v0.2.0/go.mod h1:41BjjCbTMPJCmrepy5wXjwkV2QQxLyM8Q2kUrJpH/sM=
github.com/hbstack/meta/standard v0.2.4 h1:MYp9Bu4ZgKJaz6xVyau8VpKihLQmdB2FX2+EHTFSzEE=
github.com/hbstack/meta/standard v0.2.4/go.mod h1:wXmAFlzFoq+gTULVNFijJcUhQdmeNa0an+9F/NSZHsA=
github.com/hbstack/meta/standard v0.2.5/go.mod h1:OuUsOxphJpdYwDs2ECobf2jY/PrcsrpElYXojXci2Mc=
github.com/hbstack/meta/standard v0.2.7/go.mod h1:PVkKQuiDG34Ik4RHzN3in8v8RlqnDAW2Ze0+LLt5Wfs=
github.com/hbstack/meta/standard v0.2.8/go.mod h1:ieCd7X0pc/OjHzBL/qrWdRx0e0nYvZcOP3GtA04rzuE=
github.com/hbstack/meta/standard v0.2.9/go.mod h1:TcTWwOxR/ioT0Ik18RXVodRovkuSPWbMDTZjtx9i+Jo=
github.com/hbstack/meta/standard v0.2.10/go.mod h1:kUPA4W4UohHT6VeVFmXxIxPc7ALrKc3mhhPhUQ1siGw=
github.com/hbstack/meta/standard v0.2.11 h1:5RhV+R+569dgWpqxSVpFrAkUW9Ac893HXUNcpq+8+Xo=
github.com/hbstack/meta/standard v0.2.11/go.mod h1:Ue4h9LPE+mLUW1Fg7P/JMsMGkCz/OChWY64utHmTjGs=
github.com/hbstack/meta/standard v0.2.12/go.mod h1:GlzNxtM2O0rcSwENd366U97vbB/8N+VGWYD4nTv8zJE=
github.com/hbstack/noscript v0.2.0 h1:yAWYGD1stUicaKATrA9BnhQNjRZWgiFgP8Y7C44AqG0=
github.com/hbstack/noscript v0.2.0/go.mod h1:Lxh6eXJijehQw92g4g+2+fVEQgVqRJXi5xGri/y+Eyo=
github.com/hbstack/progress-bar v0.1.0 h1:2ZiGS3RFZbZYBUbT2nFCoU9SJsbD9jtV4A7ab41B4jg=
github.com/hbstack/progress-bar v0.1.0/go.mod h1:JZt160XK62FxThzt+RmokjOww3De8ZL0ITcxMJLVE7g=
github.com/hbstack/pwa v0.1.2 h1:zJhLf5Uf+jO9aCBKvFcASlw7sULK2i0qUJZxscBo0HM=
github.com/hbstack/pwa v0.1.2/go.mod h1:8x01rczLrSw1aCWD+yrn6v5FRQPtaEh/PYCtFDICEWo=
github.com/hbstack/scrollbar v0.1.0 h1:uQMNbkWbLxnjQMiD3zdt33RG48sY2a0XWyGQkK2HsyY=
github.com/hbstack/scrollbar v0.1.0/go.mod h1:BEDha5gOjQfXBKZfwT+4vn8hCE88qElocjEI2SY1eAs=
github.com/hbstack/search v0.1.7 h1:5u1aCCAqtuh0vHENqGOvKsJ0q7il7kO2zYnBWjETAFw=
github.com/hbstack/search v0.1.7/go.mod h1:VLRF5mP2a1YBMH+o+0zEFEclb+NzKlpZmIfY+1aIGDM=
github.com/hbstack/slide v0.2.0 h1:0D8Vt4bxtFCNpozRu0WDMz0kgOy60Gk1aJKAZSPUnik=
github.com/hbstack/slide v0.2.0/go.mod h1:7fBmuBpoxrmP+dQPArVyX80LTQOWCm8z7Rf38nzDlzE=
github.com/hbstack/syntax-highlighting v0.1.0 h1:WxdhNgCktllNKQDqu1BmLmg9dsi77/dXIlcdQ8KZZI0=
github.com/hbstack/syntax-highlighting v0.1.0/go.mod h1:6IoaM+tSIkKZblIrT1i5L3zVH68nt4UScU9JB30FQsc=
github.com/hbstack/syntax-highlighting/styles/gruvbox v0.1.0 h1:lGH8nqOU/+3yzHIk5s1nTrzHDImEnvLkr/0viuPfx3Y=
github.com/hbstack/syntax-highlighting/styles/gruvbox v0.1.0/go.mod h1:ar5ZFplNyVZCVG6rvo69co1hNZwptxtrDz3zproGLPg=
github.com/hugomods/bootstrap v0.8.1 h1:ijFaXUG1wric8FfUOUX1JWgppeMgvHC0mQz2Gew8XfM=
github.com/hugomods/bootstrap v0.8.1/go.mod h1:NVii94xgqDocyD0+aAWamBLPJjNspfMynEdmIOXO3Vs=
github.com/hugomods/bootstrap v0.9.0/go.mod h1:NVii94xgqDocyD0+aAWamBLPJjNspfMynEdmIOXO3Vs=
github.com/hugomods/bootstrap v0.9.1/go.mod h1:NVii94xgqDocyD0+aAWamBLPJjNspfMynEdmIOXO3Vs=
github.com/hugomods/bootstrap v0.10.0/go.mod h1:NVii94xgqDocyD0+aAWamBLPJjNspfMynEdmIOXO3Vs=
github.com/hugomods/bootstrap v0.11.1/go.mod h1:NVii94xgqDocyD0+aAWamBLPJjNspfMynEdmIOXO3Vs=
github.com/hugomods/bootstrap v0.11.2/go.mod h1:NVii94xgqDocyD0+aAWamBLPJjNspfMynEdmIOXO3Vs=
github.com/hugomods/bootstrap v0.11.3/go.mod h1:NVii94xgqDocyD0+aAWamBLPJjNspfMynEdmIOXO3Vs=
github.com/hugomods/bootstrap v0.12.0/go.mod h1:7IkovSZw/9Grx2bgcTMielY5vvLjPBzy5x/bPIA1BlY=
github.com/hugomods/bootstrap v0.13.0 h1:0xtsCsx1Kek4iYpQHX1LLxHPYt/f7qABEGv1qPaWBSI=
github.com/hugomods/bootstrap v0.13.0/go.mod h1:7IkovSZw/9Grx2bgcTMielY5vvLjPBzy5x/bPIA1BlY=
github.com/hugomods/fuse-js v0.1.0 h1:CmWHBZANvjOP44RDNQNLntqlLf9GLqeM29jekxTNcPE=
github.com/hugomods/fuse-js v0.1.0/go.mod h1:srCqvtBQR02HS/abTraDU4oINv1D3PljNPdexdoHhpo=
github.com/hugomods/giscus v0.1.0 h1:tIu1TzYByC/XlxxiBl9+CkQp9OeR4UhoZjbQSlcDt5E=
github.com/hugomods/giscus v0.1.0/go.mod h1:tCRkqNi/sMsLh3kjDesXZNzf4R/w+b5oc5boS/l8Jtw=
github.com/hugomods/giscus v0.1.1 h1:Kb8137Cp2nQJPFb6e+CdXy8nyIAJ2dFIymG4bDdaXWI=
github.com/hugomods/giscus v0.1.1/go.mod h1:tCRkqNi/sMsLh3kjDesXZNzf4R/w+b5oc5boS/l8Jtw=
github.com/hugomods/gravatar v0.2.0 h1:642HNhGN7Mw7qefNcUFJKzLoT2zJKt4IQkrS53mIUfA=
github.com/hugomods/gravatar v0.2.0/go.mod h1:oATWuh5u2XUK/ZKzOD0VEP5I/TZfVZwplTyhT61Q4Fc=
github.com/hugomods/icons v0.6.0 h1:G6RU93okhPPRDh/jqcew9gwkcYpSpg0rCBv4S6yUAFw=
github.com/hugomods/icons/vendors/font-awesome v0.6.1 h1:MyYF67fPthN4EDkT/IwY0ydowxzE6J/oKFTltOCY2vY=
github.com/hugomods/icons/vendors/font-awesome v0.6.1/go.mod h1:kmMci4qX8yTQPT28sskzKRudJiQAAiZZugjNbkakRhk=
github.com/hugomods/katex v0.2.0 h1:h5hG0vnyL6dMzNiLeNMXb+VPwseZXoTORjzV6e6YgJw=
github.com/hugomods/katex v0.2.0/go.mod h1:8wO7jRjPT+M6UeipsJ0Hpah4LjWU9P6V5CO0eEKvL8U=
github.com/hugomods/katex v0.3.0 h1:hq0Kels9clL38Y2K/QZgXFKF7hQuumyQYz16TT4/Hhk=
github.com/hugomods/katex v0.3.0/go.mod h1:EBY1YQTN6F8FDQz+mWp3EzEh8vDN31YjL9luVni+Wm0=
github.com/hugomods/mermaid v0.1.1 h1:12b8DbdiKOTtPmkWOMXsBz3LKkAWVqa5tGkbEboj0a4=
github.com/hugomods/mermaid v0.1.1/go.mod h1:7sKIZLAeYsXXnKRh4KR70UQx27xnzf0mSQ2o99zTLS0=
github.com/hugomods/pwa v0.3.1 h1:QLvtLo9axoecG+P36wlIXk50Tcz413HDMiwJBOo/P74=
github.com/hugomods/pwa v0.3.1/go.mod h1:22AYzuQ64DKY2WJAytKqRKC2BIFc6j39Jo8tTQE+6Xc=
github.com/hugomods/pwa v0.3.2 h1:4+Csk+wJcv+nzrz8kyrpYmtaAw3MFpAAs3WR5b2OwuI=
github.com/hugomods/pwa v0.3.2/go.mod h1:22AYzuQ64DKY2WJAytKqRKC2BIFc6j39Jo8tTQE+6Xc=
github.com/hugomods/search v0.4.4 h1:g94Qc2zffh8ZRfSJUd7rAmgj7QWOAQgT/pPNN/skITs=
github.com/hugomods/search v0.4.4/go.mod h1:xdMNL0R06eMDyl8LVoFNp19lnFSNMFT+oje8j8N/WbI=
github.com/hugomods/search v0.4.5 h1:RC7OTkEAQjh49/SCh5Gw0+RFzeTDE+6J5XqMixVY6mw=
github.com/hugomods/search v0.4.5/go.mod h1:xdMNL0R06eMDyl8LVoFNp19lnFSNMFT+oje8j8N/WbI=
github.com/hugomods/seo/modules/alternatives v0.1.0 h1:G5IjM7j7ExgXEMyxQj1Z/5JwwRW8DEmL0nDJYxA3NhE=
github.com/hugomods/seo/modules/alternatives v0.1.0/go.mod h1:ff9uz+f5yii9k2jbwt/HKM3RpLR3EYZrNQBAOabNxMA=
github.com/hugomods/seo/modules/favicons v0.2.0 h1:pzQMocbHHMNNiuE5vsCxE4qqaJBprYAUX4EOoiF+ynM=
github.com/hugomods/seo/modules/favicons v0.2.0/go.mod h1:xFDhrpWUZR4NMMVkilzT6xFBHiF5eyCQ8PlzOS2K9lY=
github.com/hugomods/seo/modules/open-graph v0.1.0 h1:Whveal1j1n2xZWcAlNAd2rdfKp7Fh5apol36wLGLb54=
github.com/hugomods/seo/modules/open-graph v0.1.0/go.mod h1:G7mXf7D1QtRN/i7A9v+cUF5P55H/QaxRqxJ8tp9fVq4=
github.com/hugomods/seo/modules/schema v0.1.1 h1:8IuJxCOxk9pfKpCFMik5fDCX7zaFwkGoeKacnYV0sgA=
github.com/hugomods/seo/modules/schema v0.1.1/go.mod h1:R6hRr2FIJITcMnFA/3V3dPAZgGQLNWGS7v1PLsmVRxU=
github.com/hugomods/seo/modules/translations v0.1.0 h1:wPDuPKGx/x+otHn2HfAankKCGQxSrC3gLHhRHpNjC18=
github.com/hugomods/seo/modules/translations v0.1.0/go.mod h1:yU2p2hk2dK86YNRU9zfoWRoCrYmrjEmf3oN7cCTbzcM=
github.com/hugomods/seo/modules/twitter-cards v0.1.0 h1:jH9WfmFZ3kCndUkATM/D/BYL+TQYoXA7/IxgQJbifKQ=
github.com/hugomods/seo/modules/twitter-cards v0.1.0/go.mod h1:QYs7SWbhXSQrsn/RHZSD7DwzaCHFpoLQdVPxEI3j63k=
github.com/hugomods/shortcodes v0.10.0 h1:NKu2m1xciBsqzu7PU0SDu1C12OHdX+pMjfUI975kCXM=
github.com/hugomods/shortcodes v0.10.0/go.mod h1:EnVopbZMNI/HeteM3Lp3phBTCRLvPSe7l142qhRFFPY=
github.com/hugomods/shortcodes v0.11.0/go.mod h1:EnVopbZMNI/HeteM3Lp3phBTCRLvPSe7l142qhRFFPY=
github.com/hugomods/shortcodes v0.12.0/go.mod h1:EnVopbZMNI/HeteM3Lp3phBTCRLvPSe7l142qhRFFPY=
github.com/hugomods/shortcodes v0.12.1 h1:bhPTgbDIUEG8Hqi0eMESdrCN9Ot4SE3zV0TXSUlo+Fo=
github.com/hugomods/shortcodes v0.12.1/go.mod h1:EnVopbZMNI/HeteM3Lp3phBTCRLvPSe7l142qhRFFPY=
github.com/hugomods/snackbar v0.1.2 h1:SLpfH9jlYwf81epH7DvM2XTZHo+3fXXpk6XKtxmo964=
github.com/hugomods/snackbar v0.1.2/go.mod h1:ykFm0IFibeQPuPAm8Gaa27xJS/bNZcSez4omVSl2gQ0=
github.com/hugomods/workbox v0.1.0 h1:yxuTj3gT1BNf6OitxrjxSJXfmbFBj2UTwdWr142eYFQ=
github.com/hugomods/workbox v0.1.0/go.mod h1:RpFcIcltqYsiHWJV6PHPOdMagFZxO7nrO5XUpn/TMoc=
github.com/jakearchibald/idb v7.1.1+incompatible h1:/o1ng3qUjgMUeeKFim3J3tiQAitcVXU12pXIjSzwT/c=
github.com/jakearchibald/idb v7.1.1+incompatible/go.mod h1:AuDoW54s2DKfbclM+ScrnPp8ahUQ9rHph9bb8sZTEXc=
