github.com/gohugoio/hugo-mod-jslibs-dist/popperjs/v2 v2.21100.20000 h1:GZxx4Hc+yb0/t3/rau1j8XlAxLE4CyXns2fqQbyqWfs=
github.com/gohugoio/hugo-mod-jslibs-dist/popperjs/v2 v2.21100.20000/go.mod h1:mFberT6ZtcchrsDtfvJM7aAH2bDKLdOnruUHl0hlapI=
github.com/hbstack/back-to-top v0.1.2 h1:eQ05oJjjl6ByFMKjuSCYJDLl5i5DCRyUt7Z5EdsxzIU=
github.com/hbstack/back-to-top v0.1.2/go.mod h1:/Hc4gkEbdaNLSd5j7jjYsvjl39UBX0bTO5/g4ltNfR0=
github.com/hbstack/base v0.2.0 h1:BtLH7i8uxUM5TMr1kaaVeJ/Yu/5FeZJ1MquxPFXgpNU=
github.com/hbstack/base v0.2.0/go.mod h1:f0mafnZoiQ3YYvRb82o605NEQVbQ3wzRYzhW4PZjrJ4=
github.com/hbstack/bigger-picture v0.9.2 h1:JTvg77xSkUBvz0TAX/eVDllFYAxpiCECxwX14H52kxc=
github.com/hbstack/bigger-picture v0.9.2/go.mod h1:CficQfdxEJx1U/5JOUOSgAqkH40XxdnSRcvLzsyHMl8=
github.com/hbstack/blog v0.15.0 h1:HgCFTtEhHAC/jd4VgmRfo0ErQ2Y7ANTmNLcCHcpJTdQ=
github.com/hbstack/blog v0.15.0/go.mod h1:qM7rXyw88WzFhMzXlq/gz3IrO7OUkRqqtOcpafnmUMQ=
github.com/hbstack/blog/modules/breadcrumb v0.1.3 h1:meO1eiKPbcjUWJ7RiYOdKXa3/29dVvGoVEsCjuWMulM=
github.com/hbstack/blog/modules/breadcrumb v0.1.3/go.mod h1:VuSBLaaz83bH3r2TuMRRj1md0nk+LspTpnK4I+24CWw=
github.com/hbstack/blog/modules/breadcrumb v0.1.4/go.mod h1:Lu1y+eXCXQBvZVOn3TfCI4P8t88elsI+8NCPCNjv1kk=
github.com/hbstack/blog/modules/breadcrumb v0.1.5/go.mod h1:1P3cxTG3s+Wi/Qf9jfpdw7Sa0zq0dCMCLKG4+fw7sNA=
github.com/hbstack/blog/modules/content-panel v0.1.3 h1:E133V363SYk8NZbhBvRLgH9JMCNrpOqeIT3FAvALwMc=
github.com/hbstack/blog/modules/content-panel v0.1.3/go.mod h1:ZKEtxC9JizeJ2BIHI+lpbGHY4n6auM233aTqK4/ip0Y=
github.com/hbstack/blog/modules/featured-image v0.2.2 h1:vSgEKqnkNMRLKSbGmP6Sd9Xhy5dw0adsd0Dh1l37owo=
github.com/hbstack/blog/modules/featured-image v0.2.2/go.mod h1:OuJM4hxlNPmYGlXCbTxQ2sI81TgVGIRl64y3EVYVuDY=
github.com/hbstack/blog/modules/featured-image v0.2.3/go.mod h1:igTdmwHxnUftGVtE3gnTpFkUPsZzuZ+g8KPbSqPxMZA=
github.com/hbstack/blog/modules/featured-image v0.2.4/go.mod h1:wGu2dGkqXaF73NfsrKlfu81NrRjbNLxK2YlH+8X4OvA=
github.com/hbstack/blog/modules/giscus v0.1.4 h1:3bJ8BqE9/LNBVFdksImfsmb6uYQAvFL8z5QQN+1Uwgg=
github.com/hbstack/blog/modules/giscus v0.1.4/go.mod h1:TpMlaoE8jYEwlgU0+NQBNeTtzHNSU7XueZH5q0XtSAI=
github.com/hbstack/blog/modules/giscus v0.1.6/go.mod h1:RKMEPc4KYQBBZAE3zTBcZShVljB4gOUN7K0/cbj8kAI=
github.com/hbstack/blog/modules/heading-sign v0.1.4 h1:HIcrmsPhnwiAr3Kw2uaHypzoTG9L9QP5yheCbASB3HI=
github.com/hbstack/blog/modules/heading-sign v0.1.4/go.mod h1:wanKVRiwfc9H8g1mTJ4ZwbNo1ow8UpR3IigFuy13AGE=
github.com/hbstack/blog/modules/heading-sign v0.1.6/go.mod h1:3/BxqgnDri+SRKjfMBRDDQOtKeA85USqivSJ1P58rjw=
github.com/hbstack/blog/modules/post-nav v0.2.2 h1:Hsk9X05Xbu+VJ8KHYgwS9GV6lyIA2bXYoYYY4/zCuTY=
github.com/hbstack/blog/modules/post-nav v0.2.2/go.mod h1:LPTCBMtjKOdCpHyOumiYhRf/fsqtvi+gqyyHbCdjLFM=
github.com/hbstack/blog/modules/post-nav v0.2.3/go.mod h1:m2qYY3o5WRgfBgt+aK62zSGOkegEE+25sBiZPqUbtqU=
github.com/hbstack/blog/modules/related-posts v0.1.3 h1:eoMhgGqxX5Txvt8NXEWlvH2148eIxnxA4uZxMNNNd/Y=
github.com/hbstack/blog/modules/related-posts v0.1.3/go.mod h1:WblAHtj+GxJt9QwvsM1cJNqX17FM9vtybDMLNHPt3fI=
github.com/hbstack/blog/modules/related-posts v0.1.5/go.mod h1:wnGXRSElkf17mx+CTVqabeVrSJhqqYENVgel8+3VA9Q=
github.com/hbstack/blog/modules/sidebar/posts v0.1.0 h1:WQlV8xjUAj5gfjOfXICyVWHIMZTMiAiOG7mIgdW5KFo=
github.com/hbstack/blog/modules/sidebar/posts v0.1.0/go.mod h1:/o5Gq7xH0z/o1CX30gsuLU+BQO6a/v5zj/iePsCtCrI=
github.com/hbstack/blog/modules/sidebar/posts v0.1.1/go.mod h1:yqDHoe00bAKvNFG2yaeIiP4VaDNmc1j+mpy8xOitCRg=
github.com/hbstack/blog/modules/sidebar/taxonomies v0.1.0 h1:a9s+7br2OOU/37M5My3GY/mcV4qIMs1P5Oxxj+2KhCs=
github.com/hbstack/blog/modules/sidebar/taxonomies v0.1.0/go.mod h1:8LQcJVjH4v8WfRnua6O9S1rLloXp2Z1pTmdub4zY27Y=
github.com/hbstack/blog/modules/sidebar/taxonomies v0.1.1/go.mod h1:OkY2kLKnwH92vZrsx0yCQrlJUrV9SHOI8lB8GtWgMKo=
github.com/hbstack/blog/modules/toc-scrollspy v0.1.1 h1:8Qys84Qzueq7rPQ/UgMw8AKKV3E1UWOX+iqKXZEHTT0=
github.com/hbstack/blog/modules/toc-scrollspy v0.1.1/go.mod h1:Xicmd8BqmaRIwcQvqvZEDN9V+1Qb6U/58UvkLwbYoEQ=
github.com/hbstack/blog/modules/toc-scrollspy v0.1.3/go.mod h1:mTRAavWxeMMeV/Z46opmJVvqxp6oTcsS/E0jwV6JMrA=
github.com/hbstack/bootstrap v0.1.2 h1:poh7IOc3E7hiMaml/D8+RjOzLzse08oTPUyhfMn5o3M=
github.com/hbstack/bootstrap v0.1.2/go.mod h1:qItlWJ+9sxaiCdMQGXT+oxnsGfOxwDFnrcpgKUccSLQ=
github.com/hbstack/carousel v0.2.2 h1:2WQINzBXMdTsvCA6GbMiRIyAOwZ00CCNybRjBgf43sc=
github.com/hbstack/carousel v0.2.2/go.mod h1:7ksA42jkP82YsGJqKOU9izqiZBLpIBDBuMY6+IAuTZI=
github.com/hbstack/code-block-panel v0.1.1 h1:9fHjXmlU7x8nbWI3Qr9t5YnRDtaF9auqPWMpsUNMGuc=
github.com/hbstack/code-block-panel v0.1.1/go.mod h1:EJ9PgJrLnJ8DQ0SxU6DrdOesLF1h+YF1MCtMd0DodQg=
github.com/hbstack/content-panel v0.2.1 h1:gJrYTs3ZBoFtr8Nz3n0qBgYVw2p85ckHliMgSEy+Tw0=
github.com/hbstack/content-panel v0.2.1/go.mod h1:uziMPdakxW3G06PtvzB7peAI4h4ALWHP3xSbyHFWx+k=
github.com/hbstack/docs v0.5.0 h1:5zK61sTYV1p3Sjub6iQKpbVKnfbloOodXoDGA++domE=
github.com/hbstack/docs v0.5.0/go.mod h1:9oKZEnqoUxg7+bn13yhUBbY1WzmWmW51O8kYyOKEo4w=
github.com/hbstack/docs/modules/breadcrumb v0.1.2 h1:f2BxzQWg1sQnGb///SVuiW68wDeQM+XkV/f5ppIZrgw=
github.com/hbstack/docs/modules/breadcrumb v0.1.2/go.mod h1:tD2ukJTqwxngo6vp6x/DHbJvjvc5CIUPn6bKoFx1yQU=
github.com/hbstack/docs/modules/content-panel v0.1.1 h1:pRdahvJlYpul2V3Wr412bRO13iOTEWxGr/9wG9Tm4Pk=
github.com/hbstack/docs/modules/content-panel v0.1.1/go.mod h1:2OaESaHooNDZTq0bYGOOlDLKI64s4I+y6upXPpb3fy8=
github.com/hbstack/docs/modules/doc-nav v0.2.1 h1:2ZB8mfGRngaJFan2elu5tphpYQFUKML0pDUaooUp3Gs=
github.com/hbstack/docs/modules/doc-nav v0.2.1/go.mod h1:PUpAvWiual8XQpUqMa2pNlq20lkAo7KJv87uoy3pnic=
github.com/hbstack/docs/modules/featured-image v0.2.1 h1:24HtJT131xhZKTqPZckUtdGGIvrx4A+XxOiQPMeMJhU=
github.com/hbstack/docs/modules/featured-image v0.2.1/go.mod h1:epYbhRDKC1+pedbqqzpJPHt1NK9UAvG1WZ/3Syx+iL4=
github.com/hbstack/docs/modules/giscus v0.1.3 h1:zKHk5FzabnZgrEOM6fx0+J9c7GrBNU2P120XjwqhbNg=
github.com/hbstack/docs/modules/giscus v0.1.3/go.mod h1:h6zjdGgKYRPNf6K0XVmX0BkL3fYl2k2QbEjFhiFBoBQ=
github.com/hbstack/docs/modules/heading-sign v0.1.2 h1:lGY1OwX2xFBT8eDwCeZjbZtTjlYfCUa6MQwOBjOgKnE=
github.com/hbstack/docs/modules/heading-sign v0.1.2/go.mod h1:EE7uwT4/rcJf/CCIOD0Ss7FsIDGTdFrag80KbF4/Xbs=
github.com/hbstack/docs/modules/toc-scrollspy v0.1.0 h1:eyAvQwvLf8SPMC51zMoHc4zplwdPwACzFPsOQeX0XIo=
github.com/hbstack/docs/modules/toc-scrollspy v0.1.0/go.mod h1:hu+Rx7AczzAXXoONNmZaVQir7msYIG65adH3JztQ88Y=
github.com/hbstack/footer v0.2.1 h1:GZbSRcGNMeKAiDLeai0cPaEnztkDBraTNQqe2uap944=
github.com/hbstack/footer v0.2.1/go.mod h1:ldb4b95D/7NVWQWFTIngasypCA+QQQRj1I+1BEyOi/c=
github.com/hbstack/footer/modules/socials v0.2.0 h1:XuwETIZWBUGpt6z84lL/BWDF2VtswNto4K6f1/iCFwk=
github.com/hbstack/footer/modules/socials v0.2.0/go.mod h1:v3fTaaKwjSjyX+XwpaK6Mey3pYLWTxhHXlvs2C3wztQ=
github.com/hbstack/gallery v0.5.0 h1:pU/JOG3lTUz0KYM/AGyLSigeIIAZrtzGHdR6DVn9Mvo=
github.com/hbstack/gallery v0.5.0/go.mod h1:QbWQt6m6D0gnOm1LyvaZQzXU2EVsZgnh+y8z6nMsL/k=
github.com/hbstack/gallery/modules/breadcrumb v0.1.0 h1:zenzwq4EiE2PIB2gx8QU4I2Zx9KAK901EWpgLGu5XqA=
github.com/hbstack/gallery/modules/breadcrumb v0.1.0/go.mod h1:7E1zwN0GC59OsXAUEALUiYWJhQw5hGPnpHfRHQDS/5Q=
github.com/hbstack/hb v0.5.1 h1:8ikjjP7Rvnq1inaR53KezTX49es6+Ph053fHk+uY+to=
github.com/hbstack/hb v0.5.1/go.mod h1:qlNnPNO1MRsrxxDvFMz98DMFafaBgvtAfBYiteR3i1A=
github.com/hbstack/header v0.1.17 h1:lIZuV4+WGsLWxWxEitec3ItAryQoGELpvNHkoYw25tY=
github.com/hbstack/header v0.1.17/go.mod h1:YEYnlqmhotkQdFbSzN/ZQT55kLLfMdvVVIzEDMFgTz4=
github.com/hbstack/header/modules/language-picker v0.1.2 h1:K7II5rqbEA69/ZZM+EtCN5pFR6QHTUP60czWjZMyS/0=
github.com/hbstack/header/modules/language-picker v0.1.2/go.mod h1:VW86iVj/CcopYTIrD0iRF+LBoUBPsYOwo580vIoqqrs=
github.com/hbstack/header/modules/search v0.1.10 h1:fvaTovaf1Cx7XF42b+bv1dTGaDpLsP/EACQmz2TZILc=
github.com/hbstack/header/modules/search v0.1.10/go.mod h1:eeSZZJKlq9M5xzXidY1TAKFISPSvVgWowCTMoY/Cj/s=
github.com/hbstack/header/modules/socials v0.1.2 h1:l+uWiovYLc41efDFf0nMUegAiJa9JstUW2dnEYpMRbw=
github.com/hbstack/header/modules/socials v0.1.2/go.mod h1:upxii7TEX8dphHopQUJGk5KvAgfjGhccZUOhrVecAjg=
github.com/hbstack/header/modules/theme-toggle v0.1.2 h1:TFQq4p6+GQEpUA4FJr9occbihLA9i0rGxxvmdOVx5ao=
github.com/hbstack/header/modules/theme-toggle v0.1.2/go.mod h1:5dtE0u/QGl3DAqz+900KPfY6glyH8OEpKIy8Q7X9sa4=
github.com/hbstack/mermaid v0.1.0 h1:T/3Az7xujbFmbC4r1tZGKTwt6GOcz/72yc2N9oFNU2I=
github.com/hbstack/mermaid v0.1.0/go.mod h1:dQAfzX1SA4b3k5ytA8WPR5luxjX4ii7EdtoRsr8WLNw=
github.com/hbstack/meta/blog v0.2.2 h1:tiSMwteWuwUnbnePgEbjlhft8WLzSDTXqv7jWGtUxUU=
github.com/hbstack/meta/blog v0.2.2/go.mod h1:epnSQ+faXwWx5RTfAioEm2Utlm1X+lx0T9yWnzDdpmY=
github.com/hbstack/meta/blog v0.2.3/go.mod h1:zaYYLTM3hSXeT/M88W89i1HBDkJLTH3cAFALA1DAV80=
github.com/hbstack/meta/content v0.4.2 h1:IWozLoZvDG7yVC3c5Znpvf6278TX6nRAUkhZkByP5rI=
github.com/hbstack/meta/content v0.4.2/go.mod h1:929A+mjvO1hBlejmrb0wLckYBvwA38WlkKGj7MN+CUk=
github.com/hbstack/meta/content v0.4.3/go.mod h1:tVPxlwydmqhT6dIhjvLB0E1/8ES2F62OWO1O6F4SAis=
github.com/hbstack/meta/docs v0.2.2 h1:cd0o8B3P3Pj5LgtfM+OYHE9wFn4PlVNUd7ng+kCZYWw=
github.com/hbstack/meta/docs v0.2.2/go.mod h1:bIl4e2oIquO4/0iEIZr7gcGZkCUmTDlLPx8RAqi/jtE=
github.com/hbstack/meta/docs v0.2.3/go.mod h1:yO6MB5KQyK2qpj1RoCAyZVQcuEsjeoGmnD2/mDGx0gE=
github.com/hbstack/meta/footer v0.2.1 h1:LgVaFe3GOa8wJCLzveHOeNC5kDNqGt3GPDsv3iCRVxA=
github.com/hbstack/meta/footer v0.2.1/go.mod h1:HI8a5M1gUqAfEcFOl7TFAGc3hSbJhBJBMRJYRTiVqkg=
github.com/hbstack/meta/footer v0.2.2/go.mod h1:QdvTIKj+8dZw9p/gaPis2GyQsubggmRWEEzN4HWB2zY=
github.com/hbstack/meta/header v0.2.1 h1:T035bYPvM6cf0RBGaiUXo+l2ThnXWF+lf6IBbErXa7c=
github.com/hbstack/meta/header v0.2.1/go.mod h1:zMDYUSA+uC8V3db2GM8NPDP+tyZQtk6W7f5LMGDHomg=
github.com/hbstack/meta/header v0.2.2/go.mod h1:kYYHd5izwemd1K4v6gFABkdJWiHtX24ZT6BJnPV3Woo=
github.com/hbstack/meta/recommended v0.2.1 h1:MTP4lwNaxG+kLN+YKhvgWawZ0G3tjE14Nem5knthVGU=
github.com/hbstack/meta/recommended v0.2.1/go.mod h1:k63ESYvbfX1IiAKE5q0nDLlDnJj3dXTcDRChMmrYVu4=
github.com/hbstack/meta/recommended v0.2.2/go.mod h1:DSsJZY9UR+LrtsdG8pWZ6GZ4dFrh9uNfaUTBdsQYDJA=
github.com/hbstack/meta/seo v0.2.0 h1:0xemjrVWwLmYjzKCAmo/6vxWEHACXimjT7vlFYXgmCM=
github.com/hbstack/meta/seo v0.2.0/go.mod h1:41BjjCbTMPJCmrepy5wXjwkV2QQxLyM8Q2kUrJpH/sM=
github.com/hbstack/meta/standard v0.2.1 h1:BOAleN8r9yFx1T708SJPLmZhXWrCNu/4+TuKICgRKJM=
github.com/hbstack/meta/standard v0.2.1/go.mod h1:uNuHiqPAmPQawWtldhBgY/UyjaQ+Z8cBHENuFADxa5M=
github.com/hbstack/meta/standard v0.2.2/go.mod h1:dssoTSoKpbymg+DWCpBLU5QuLl4vDiXGzoFBomC5UuU=
github.com/hbstack/noscript v0.2.0 h1:yAWYGD1stUicaKATrA9BnhQNjRZWgiFgP8Y7C44AqG0=
github.com/hbstack/noscript v0.2.0/go.mod h1:Lxh6eXJijehQw92g4g+2+fVEQgVqRJXi5xGri/y+Eyo=
github.com/hbstack/progress-bar v0.1.0 h1:2ZiGS3RFZbZYBUbT2nFCoU9SJsbD9jtV4A7ab41B4jg=
github.com/hbstack/progress-bar v0.1.0/go.mod h1:JZt160XK62FxThzt+RmokjOww3De8ZL0ITcxMJLVE7g=
github.com/hbstack/pwa v0.1.2 h1:zJhLf5Uf+jO9aCBKvFcASlw7sULK2i0qUJZxscBo0HM=
github.com/hbstack/pwa v0.1.2/go.mod h1:8x01rczLrSw1aCWD+yrn6v5FRQPtaEh/PYCtFDICEWo=
github.com/hbstack/scrollbar v0.1.0 h1:uQMNbkWbLxnjQMiD3zdt33RG48sY2a0XWyGQkK2HsyY=
github.com/hbstack/scrollbar v0.1.0/go.mod h1:BEDha5gOjQfXBKZfwT+4vn8hCE88qElocjEI2SY1eAs=
github.com/hbstack/search v0.1.7 h1:5u1aCCAqtuh0vHENqGOvKsJ0q7il7kO2zYnBWjETAFw=
github.com/hbstack/search v0.1.7/go.mod h1:VLRF5mP2a1YBMH+o+0zEFEclb+NzKlpZmIfY+1aIGDM=
github.com/hbstack/slide v0.2.0 h1:0D8Vt4bxtFCNpozRu0WDMz0kgOy60Gk1aJKAZSPUnik=
github.com/hbstack/slide v0.2.0/go.mod h1:7fBmuBpoxrmP+dQPArVyX80LTQOWCm8z7Rf38nzDlzE=
github.com/hbstack/syntax-highlighting v0.1.0 h1:WxdhNgCktllNKQDqu1BmLmg9dsi77/dXIlcdQ8KZZI0=
github.com/hbstack/syntax-highlighting v0.1.0/go.mod h1:6IoaM+tSIkKZblIrT1i5L3zVH68nt4UScU9JB30FQsc=
github.com/hbstack/syntax-highlighting/styles/gruvbox v0.1.0 h1:lGH8nqOU/+3yzHIk5s1nTrzHDImEnvLkr/0viuPfx3Y=
github.com/hbstack/syntax-highlighting/styles/gruvbox v0.1.0/go.mod h1:ar5ZFplNyVZCVG6rvo69co1hNZwptxtrDz3zproGLPg=
github.com/hugomods/bootstrap v0.6.2 h1:xV2jHrFBkWikA4A4HtWOaGWI418tFAXKzTO9PqMNn6s=
github.com/hugomods/bootstrap v0.6.2/go.mod h1:DJkTRVMzt0AttsbX5Z4nHmk28eRRJFGM66glsM6oxeA=
github.com/hugomods/fuse-js v0.1.0 h1:CmWHBZANvjOP44RDNQNLntqlLf9GLqeM29jekxTNcPE=
github.com/hugomods/fuse-js v0.1.0/go.mod h1:srCqvtBQR02HS/abTraDU4oINv1D3PljNPdexdoHhpo=
github.com/hugomods/giscus v0.1.0 h1:tIu1TzYByC/XlxxiBl9+CkQp9OeR4UhoZjbQSlcDt5E=
github.com/hugomods/giscus v0.1.0/go.mod h1:tCRkqNi/sMsLh3kjDesXZNzf4R/w+b5oc5boS/l8Jtw=
github.com/hugomods/gravatar v0.2.0 h1:642HNhGN7Mw7qefNcUFJKzLoT2zJKt4IQkrS53mIUfA=
github.com/hugomods/gravatar v0.2.0/go.mod h1:oATWuh5u2XUK/ZKzOD0VEP5I/TZfVZwplTyhT61Q4Fc=
github.com/hugomods/icons v0.6.0 h1:G6RU93okhPPRDh/jqcew9gwkcYpSpg0rCBv4S6yUAFw=
github.com/hugomods/icons/vendors/font-awesome v0.6.0 h1:B5OwUkpVupNdtxyRlU+572HfCpvKhmIMX+8L49eTr3w=
github.com/hugomods/icons/vendors/font-awesome v0.6.0/go.mod h1:6e81kH7XzgVySHRQtc+cA4bSabpCuZHorQL8LPv7raE=
github.com/hugomods/katex v0.2.0 h1:h5hG0vnyL6dMzNiLeNMXb+VPwseZXoTORjzV6e6YgJw=
github.com/hugomods/katex v0.2.0/go.mod h1:8wO7jRjPT+M6UeipsJ0Hpah4LjWU9P6V5CO0eEKvL8U=
github.com/hugomods/mermaid v0.1.1 h1:12b8DbdiKOTtPmkWOMXsBz3LKkAWVqa5tGkbEboj0a4=
github.com/hugomods/mermaid v0.1.1/go.mod h1:7sKIZLAeYsXXnKRh4KR70UQx27xnzf0mSQ2o99zTLS0=
github.com/hugomods/search v0.4.3 h1:dfKQe2J7vdC6vqwbQ/U0vjWI5JGUT2dmcR3qcxfMrwg=
github.com/hugomods/search v0.4.3/go.mod h1:xdMNL0R06eMDyl8LVoFNp19lnFSNMFT+oje8j8N/WbI=
github.com/hugomods/seo/modules/alternatives v0.1.0 h1:G5IjM7j7ExgXEMyxQj1Z/5JwwRW8DEmL0nDJYxA3NhE=
github.com/hugomods/seo/modules/alternatives v0.1.0/go.mod h1:ff9uz+f5yii9k2jbwt/HKM3RpLR3EYZrNQBAOabNxMA=
github.com/hugomods/seo/modules/favicons v0.2.0 h1:pzQMocbHHMNNiuE5vsCxE4qqaJBprYAUX4EOoiF+ynM=
github.com/hugomods/seo/modules/favicons v0.2.0/go.mod h1:xFDhrpWUZR4NMMVkilzT6xFBHiF5eyCQ8PlzOS2K9lY=
github.com/hugomods/seo/modules/open-graph v0.1.0 h1:Whveal1j1n2xZWcAlNAd2rdfKp7Fh5apol36wLGLb54=
github.com/hugomods/seo/modules/open-graph v0.1.0/go.mod h1:G7mXf7D1QtRN/i7A9v+cUF5P55H/QaxRqxJ8tp9fVq4=
github.com/hugomods/seo/modules/schema v0.1.1 h1:8IuJxCOxk9pfKpCFMik5fDCX7zaFwkGoeKacnYV0sgA=
github.com/hugomods/seo/modules/schema v0.1.1/go.mod h1:R6hRr2FIJITcMnFA/3V3dPAZgGQLNWGS7v1PLsmVRxU=
github.com/hugomods/seo/modules/translations v0.1.0 h1:wPDuPKGx/x+otHn2HfAankKCGQxSrC3gLHhRHpNjC18=
github.com/hugomods/seo/modules/translations v0.1.0/go.mod h1:yU2p2hk2dK86YNRU9zfoWRoCrYmrjEmf3oN7cCTbzcM=
github.com/hugomods/seo/modules/twitter-cards v0.1.0 h1:jH9WfmFZ3kCndUkATM/D/BYL+TQYoXA7/IxgQJbifKQ=
github.com/hugomods/seo/modules/twitter-cards v0.1.0/go.mod h1:QYs7SWbhXSQrsn/RHZSD7DwzaCHFpoLQdVPxEI3j63k=
github.com/hugomods/shortcodes v0.7.0 h1:MpPh1u6JWTNnJTLc8F1yWvvaZo+e4fsVYBu9iZiBOqo=
github.com/hugomods/shortcodes v0.7.0/go.mod h1:EnVopbZMNI/HeteM3Lp3phBTCRLvPSe7l142qhRFFPY=
github.com/hugomods/snackbar v0.1.2 h1:SLpfH9jlYwf81epH7DvM2XTZHo+3fXXpk6XKtxmo964=
github.com/hugomods/snackbar v0.1.2/go.mod h1:ykFm0IFibeQPuPAm8Gaa27xJS/bNZcSez4omVSl2gQ0=
github.com/hugomods/workbox v0.1.0 h1:yxuTj3gT1BNf6OitxrjxSJXfmbFBj2UTwdWr142eYFQ=
github.com/hugomods/workbox v0.1.0/go.mod h1:RpFcIcltqYsiHWJV6PHPOdMagFZxO7nrO5XUpn/TMoc=
github.com/jakearchibald/idb v7.1.1+incompatible h1:/o1ng3qUjgMUeeKFim3J3tiQAitcVXU12pXIjSzwT/c=
github.com/jakearchibald/idb v7.1.1+incompatible/go.mod h1:AuDoW54s2DKfbclM+ScrnPp8ahUQ9rHph9bb8sZTEXc=
