github.com/GoogleChrome/workbox v7.0.0+incompatible h1:/bqYzSkS1O9leTJ8kT0v9d61ANMJKt+GemdhmcaSB9c=
github.com/GoogleChrome/workbox v7.0.0+incompatible/go.mod h1:dyEoGLpJeO43pUVJb+nNNr1WRgoF81hNEl4UGLV+yow=
github.com/KaTeX/KaTeX v0.16.9 h1:4VYWM2nMSCfOPi63mTRJYQs0UmZPGTx3noiQ/vJu9Rk=
github.com/KaTeX/KaTeX v0.16.9/go.mod h1:VI+aE+CVs/VqtbHnuhstfQST46GmrwpXH7LQAzYIouw=
github.com/gohugoio/hugo-mod-bootstrap-scss/v5 v5.20300.20200 h1:SmpwwN3DNzJWbV+IT8gaFu07ENUFpCvKou5BHYUKuVs=
github.com/gohugoio/hugo-mod-bootstrap-scss/v5 v5.20300.20200/go.mod h1:kx8MBj9T7SFR8ZClWvKZPmmUxBaltkoXvnWlZZcSnYA=
github.com/gohugoio/hugo-mod-jslibs-dist/popperjs/v2 v2.21100.20000 h1:GZxx4Hc+yb0/t3/rau1j8XlAxLE4CyXns2fqQbyqWfs=
github.com/gohugoio/hugo-mod-jslibs-dist/popperjs/v2 v2.21100.20000/go.mod h1:mFberT6ZtcchrsDtfvJM7aAH2bDKLdOnruUHl0hlapI=
github.com/hbstack/back-to-top v0.1.2 h1:eQ05oJjjl6ByFMKjuSCYJDLl5i5DCRyUt7Z5EdsxzIU=
github.com/hbstack/back-to-top v0.1.2/go.mod h1:/Hc4gkEbdaNLSd5j7jjYsvjl39UBX0bTO5/g4ltNfR0=
github.com/hbstack/base v0.3.0 h1:Ey99x4UO3zROARxMgq7aJEAqxpOeUm2O2InLaKDKATU=
github.com/hbstack/base v0.3.0/go.mod h1:8ZSFDZyhtd26eNdVF7QyPqmxRg2rCJFxjN1I2iYu5N8=
github.com/hbstack/base v0.4.0/go.mod h1:UrBBIY2xIIv3qLfHU5sX4Z1+vmWv0WuqXoSjco1huIc=
github.com/hbstack/bigger-picture v0.9.2 h1:JTvg77xSkUBvz0TAX/eVDllFYAxpiCECxwX14H52kxc=
github.com/hbstack/bigger-picture v0.9.2/go.mod h1:CficQfdxEJx1U/5JOUOSgAqkH40XxdnSRcvLzsyHMl8=
github.com/hbstack/blog v0.19.1 h1:BygtecI4KcuxdBk7WqCYUFDFehzwl6gNCI12Okv2hK4=
github.com/hbstack/blog v0.19.1/go.mod h1:dKyXHRCRkEA1MzCYPUDu4RhEKDZZ/0zEjveJ0rRPj/k=
github.com/hbstack/blog v0.19.2/go.mod h1:dKyXHRCRkEA1MzCYPUDu4RhEKDZZ/0zEjveJ0rRPj/k=
github.com/hbstack/blog v0.20.0/go.mod h1:54hUZXBYs1tBUVH2ogb2xxXPLMLqTDHmLbwEXt/czJ8=
github.com/hbstack/blog v0.21.0/go.mod h1:uOHUphJ8GjPeFHoGq50aEEsbiQ1OLiBsa8Qll0i3BuY=
github.com/hbstack/blog v0.22.0/go.mod h1:/7lTlv0U75nnxemioHYmBEOW/rYYm+n0s/xjEWnW8FI=
github.com/hbstack/blog v0.22.1/go.mod h1:/7lTlv0U75nnxemioHYmBEOW/rYYm+n0s/xjEWnW8FI=
github.com/hbstack/blog v0.22.2/go.mod h1:chG+CUsXw7iAnB+PU1sYCRzEg/wGIbSDjycnuG0rus4=
github.com/hbstack/blog/modules/breadcrumb v0.1.22 h1:NDcjR5805LBDRcLaDF12VAIAJiRqCL/e/GX+1DE7O0k=
github.com/hbstack/blog/modules/breadcrumb v0.1.22/go.mod h1:abqj7FTsHihbv3B2szGm4YmVGVZWzWg2VVA5ZhqUyKY=
github.com/hbstack/blog/modules/content-panel v0.1.21 h1:g43IVjn3O6QCQSvCbgr9iYCgZcI5XG8YAiuVPb269Ok=
github.com/hbstack/blog/modules/content-panel v0.1.21/go.mod h1:fVnvVtnfo3R78jnGLgckfC43j7rYMMN+l1PhU9E6Jas=
github.com/hbstack/blog/modules/featured-image v0.2.21 h1:G4nwll995EsnEAJOBUKJMjH12HtJ0YFPL0nH8m7qneI=
github.com/hbstack/blog/modules/featured-image v0.2.21/go.mod h1:+gxtGAEh7aXDDKQA0wWzdi9HPLcqCSRtRp63F+NN8QU=
github.com/hbstack/blog/modules/giscus v0.1.23 h1:k70d91K6mU6LJGhXYh1Mrpk+MFFrxwTOGyCVWHWHgbo=
github.com/hbstack/blog/modules/giscus v0.1.23/go.mod h1:oWy++0xYLRWvAuszra5zyFNpepgWG43HINvZvpcwBeg=
github.com/hbstack/blog/modules/heading-sign v0.1.23 h1:Z6QZvCKER/O3Y0eXQtRtkICEzYllFZW0m5fkT5OXrTE=
github.com/hbstack/blog/modules/heading-sign v0.1.23/go.mod h1:fBpZ5ifaLbAVClB/cXGQCD45wFc7bU/GBuNyTwTMjJ8=
github.com/hbstack/blog/modules/post-nav v0.3.4 h1:0+q314N5UK/szGAUYeoG/4yMM4b7x4NavwZgjk90vxo=
github.com/hbstack/blog/modules/post-nav v0.3.4/go.mod h1:ogsyzVxfRRi2mlFq2z67Vg7CFfczSgykb7Tl0CiRKzM=
github.com/hbstack/blog/modules/related-posts v0.2.4 h1:H13JxGyQA87AMrBFmpdpNtnNd54++e6MX5y0TwLVnDE=
github.com/hbstack/blog/modules/related-posts v0.2.4/go.mod h1:doDygspG1tGEX2VUdLe0VhJ0uApoBUzku7s3/WyThCc=
github.com/hbstack/blog/modules/sidebar/posts v0.5.4 h1:9FQ2EDVrjh3ntIoH1N7srQ38bhapeWbq35IkmI5AbP8=
github.com/hbstack/blog/modules/sidebar/posts v0.5.4/go.mod h1:lON1JanaR6Gn9V9PY0oDMWjcipsVpYrEOfh4Xr9SPzo=
github.com/hbstack/blog/modules/sidebar/posts v0.6.0/go.mod h1:3GGTcyptp/ml8F4/ZTugrLpzjsVUnY5Pbh8jGPWYynA=
github.com/hbstack/blog/modules/sidebar/profile v1.1.4 h1:jS1bEGGAR49zVe3VhA/UMmz+9W/b6qxLiMCpqf9Dwz4=
github.com/hbstack/blog/modules/sidebar/profile v1.1.4/go.mod h1:l5T3IcyTrdvbzxu6cvMadwkDEDUYvXlWw0sQ5KbaDxQ=
github.com/hbstack/blog/modules/sidebar/taxonomies v0.3.13 h1:GZ4ICiqkGgC4wHoDTF7bdSXPdPSRcsFgEu+M1wAj5NE=
github.com/hbstack/blog/modules/sidebar/taxonomies v0.3.13/go.mod h1:Q5TCgbmN3ldmbxzjXIzkbhuh94pkKTqEwLYEdyKeZQs=
github.com/hbstack/blog/modules/toc-scrollspy v0.1.20 h1:DnN7Vl7rvsl5pPRpwcMkW9hQgCaO7mASLd778VLQOHI=
github.com/hbstack/blog/modules/toc-scrollspy v0.1.20/go.mod h1:Ord7TP0ZP4C+l6a83oEAvPyTOnnGsmrIC26MTJaKYmI=
github.com/hbstack/bootstrap v0.2.0 h1:pHZ1KQ0HHwhHFbgzZ401kMSxkS7Tg0I/X002SD6WHak=
github.com/hbstack/bootstrap v0.2.0/go.mod h1:BqrUe89qxDkc8kxJ4iaK/XZxzZrWhlGloOFJfcNxAUU=
github.com/hbstack/breadcrumb v0.3.0 h1:0KkedEttKT0WLkdtjDYslwstkVFXKN0cMqzN1X6Zo7Q=
github.com/hbstack/breadcrumb v0.3.0/go.mod h1:TTqv6qJzqTeYvHSZ3gIifRB/zVD0l+I7/Sxu0cftqtE=
github.com/hbstack/breadcrumb v0.4.0/go.mod h1:TTqv6qJzqTeYvHSZ3gIifRB/zVD0l+I7/Sxu0cftqtE=
github.com/hbstack/breadcrumb v0.5.0/go.mod h1:ToD1n+vdG4bfhyresQV7aoV3OUuNk4huw2hFu+0xdfc=
github.com/hbstack/bs-tooltip v0.1.1 h1:3ne4fgVrn90TUPhU5r94AKqY2zD6ZmUFZGVW1wzZEv4=
github.com/hbstack/bs-tooltip v0.1.1/go.mod h1:CHhLg2OQq5CdRI1UCe52NbBUQb+pNkXFPdyj32gB/uk=
github.com/hbstack/carousel v0.2.4 h1:OkMRqyhklJBMbOXo8p/dsS+iQVQTrMUI7Jfm13Js3L4=
github.com/hbstack/carousel v0.2.4/go.mod h1:AchKlXiqYNZouE3Ee/VSSQle2FUZV5CJgTnPBFI7Gj0=
github.com/hbstack/code-block-panel v0.1.1 h1:9fHjXmlU7x8nbWI3Qr9t5YnRDtaF9auqPWMpsUNMGuc=
github.com/hbstack/code-block-panel v0.1.1/go.mod h1:EJ9PgJrLnJ8DQ0SxU6DrdOesLF1h+YF1MCtMd0DodQg=
github.com/hbstack/content-panel v0.3.0 h1:vdbhcvXw9qewXYkXGEDN39FGpsbWi0LtC+ozcpwkiTY=
github.com/hbstack/content-panel v0.3.0/go.mod h1:btJhaVMoOh9mSAqM4sFfjsCCJB/D253cnR//Y7Lx5xI=
github.com/hbstack/content-panel v0.4.1/go.mod h1:Wdl9hl4rLOcQsMfdxK0BXeIdR0HOvo+t9/FV+YO2dm4=
github.com/hbstack/content-panel v0.5.0/go.mod h1:Wdl9hl4rLOcQsMfdxK0BXeIdR0HOvo+t9/FV+YO2dm4=
github.com/hbstack/content-panel v0.6.0/go.mod h1:Wdl9hl4rLOcQsMfdxK0BXeIdR0HOvo+t9/FV+YO2dm4=
github.com/hbstack/content-panel v0.7.0/go.mod h1:Wdl9hl4rLOcQsMfdxK0BXeIdR0HOvo+t9/FV+YO2dm4=
github.com/hbstack/docs v0.8.0 h1:1G8+luGGQ1IxQtZcKvQYdlVi3mJZETr2RnFa4P+NC0s=
github.com/hbstack/docs v0.8.0/go.mod h1:gg+Shum/JRUzh/A1/SOT8nXHjokygF39SufrpYsD29s=
github.com/hbstack/docs v0.9.0/go.mod h1:rXOtp9eVDMJnrIYZzYBSSUlFElj8hJZiaoCh4cv8cPg=
github.com/hbstack/docs v0.10.0/go.mod h1:MPNsuVtGkOZckKppIIvusem151aoO934hv7yj/epWFw=
github.com/hbstack/docs v0.11.0/go.mod h1:lnY3lCyZMU+MjKanhIm+WyBTqIPjLInJgP8ukIzPDtE=
github.com/hbstack/docs/modules/breadcrumb v0.1.8 h1:7J2vqwLIlwz+Nkb4xHTQ/1bud7Nu15+JDS01IL40NxU=
github.com/hbstack/docs/modules/breadcrumb v0.1.8/go.mod h1:1NKYNYa8Lw8KWY+3AoSiCOuDmBnRsWdC3iD9DK7QX1c=
github.com/hbstack/docs/modules/breadcrumb v0.1.9/go.mod h1:vpQYRcZmRTqYpVb7x7sOgw13MxBuNgUt82wQDz6ZtZU=
github.com/hbstack/docs/modules/content-panel v0.1.7 h1:eJamXiIsd2PcnWMh9/dWUnu2r5iD+EWanHYH5NgLDz0=
github.com/hbstack/docs/modules/content-panel v0.1.7/go.mod h1:wdC+CEew7LbuH4gEeNyLkjEZ1P4BTULXFoYQdiOblJE=
github.com/hbstack/docs/modules/content-panel v0.1.8/go.mod h1:hlcrr8ZLfC+hOuzgCZh3YIlmwzKOiUvbb2oP20PBO8k=
github.com/hbstack/docs/modules/doc-nav v0.3.1 h1:nInyQ988hMkJ6OOGbvLURLb9YlTMpeb8mx9mbVna+x4=
github.com/hbstack/docs/modules/doc-nav v0.3.1/go.mod h1:oPis8QwnR1g8wGnNMbDo3VSS6++sAluQNC1NG4QXCns=
github.com/hbstack/docs/modules/doc-nav v0.3.2/go.mod h1:s/gO2HobSLPXjcKJ94CWi5S3+qeVYmkfRtr6gMo06Cg=
github.com/hbstack/docs/modules/featured-image v0.2.7 h1:W6k6EyLbWPRTFCArYrfiJqNj6j7vXx5S+jCxg9qHgiQ=
github.com/hbstack/docs/modules/featured-image v0.2.7/go.mod h1:dt6FzvWZGx/4zzQnqItcbsMED9EVPkNDU7w2BxBPwRg=
github.com/hbstack/docs/modules/featured-image v0.2.8/go.mod h1:zg3OOJK2GXuggE0w/Ov2M0FDzyCHs8BRoWiD7Nz5o58=
github.com/hbstack/docs/modules/giscus v0.1.9 h1:+mUw0hhGKX3OppIZH61TNhOagGNpmZI86/GJPCOH2zU=
github.com/hbstack/docs/modules/giscus v0.1.9/go.mod h1:vflq4EERiBTjYZ5RuHirFLRmSxly7/eIcA81rwtmQlI=
github.com/hbstack/docs/modules/giscus v0.1.10/go.mod h1:6MTfPyydWOJ2hH/9vhQw1r6Z5lvNTgDN7zpAfgjIQz0=
github.com/hbstack/docs/modules/heading-sign v0.1.8 h1:OP6+784CiLf8TCqf8lWtnwie5MTCf6wGm+XfLvt+UgY=
github.com/hbstack/docs/modules/heading-sign v0.1.8/go.mod h1:S139I7KQWECptWp28peWm1jWkrpLYYsLkxljYBm1MdY=
github.com/hbstack/docs/modules/heading-sign v0.1.9/go.mod h1:64D1dr+tmjfQh0F1PtYa+cs9PiZttR6LCoXaiBXD4bI=
github.com/hbstack/docs/modules/toc-scrollspy v0.1.6 h1:wsF5F3ylFbD3p9FNDBXpajpNvymwPAdInxDPNG2VOJQ=
github.com/hbstack/docs/modules/toc-scrollspy v0.1.6/go.mod h1:Eu5e9nSe9T3JI5HNsYp58gPt+WokJ4wkRE98GFomMC0=
github.com/hbstack/docs/modules/toc-scrollspy v0.1.7/go.mod h1:gRkFkDSPj8+j0rqIXbo1SQiD0UC7ZlDbbW+6FmilX0g=
github.com/hbstack/featured-image v0.1.1 h1:suNZO1qFjyAk1XXE5vzwTj2TePWqYTCKsI3Gp2S4wNw=
github.com/hbstack/featured-image v0.1.1/go.mod h1:JniIDVMJnbvsR5cVVhsCpTMlvquZwo//pgbL5iyYWTA=
github.com/hbstack/footer v0.2.6 h1:akelCSI+DP4fQVRHzvNLkge4w3AkY8d6KUPYHFxhh4g=
github.com/hbstack/footer v0.2.6/go.mod h1:MqglUBsBvlatiE5utMwLlnwHxLLOPe89zFmuD4HM37M=
github.com/hbstack/footer v0.2.7/go.mod h1:MqglUBsBvlatiE5utMwLlnwHxLLOPe89zFmuD4HM37M=
github.com/hbstack/footer/modules/socials v0.2.5 h1:VmIBdRc8+ujwOjurcltNW0yU7rX2CzectEtmhgy9I6Y=
github.com/hbstack/footer/modules/socials v0.2.5/go.mod h1:bggKfxJiylFYCG3AP3cKkhNBNtQrYnZzU9S5UBJ3gu8=
github.com/hbstack/gallery v0.6.0 h1:9bBYVLnvnjfACii1mV524HTeBW9dijHEoo6OMuvEuoY=
github.com/hbstack/gallery v0.6.0/go.mod h1:vMUtAbDFXewz9SMhq6DEn2UTVxQcjTDBXaLVdHJI7J0=
github.com/hbstack/gallery v0.7.0/go.mod h1:smQqq5RLigiWC5fpTDpErqN9RPVdDBtrNMloFZ3ITRQ=
github.com/hbstack/gallery v0.8.0/go.mod h1:smQqq5RLigiWC5fpTDpErqN9RPVdDBtrNMloFZ3ITRQ=
github.com/hbstack/gallery/modules/breadcrumb v0.1.0 h1:zenzwq4EiE2PIB2gx8QU4I2Zx9KAK901EWpgLGu5XqA=
github.com/hbstack/gallery/modules/breadcrumb v0.1.0/go.mod h1:7E1zwN0GC59OsXAUEALUiYWJhQw5hGPnpHfRHQDS/5Q=
github.com/hbstack/giscus v0.1.1 h1:jKbA17XjAcbD59QIDUVoFOdbi9P2WzQMtOcIpG/Znuo=
github.com/hbstack/giscus v0.1.1/go.mod h1:XElW8oNLnS0dRVFzoo9Gq8xknvz3D2PuTHC7yw9h3EE=
github.com/hbstack/hb v0.7.1 h1:bnlE/KrhOKADI5aydZG822kT1o9QR8I8TdOWugqaMJE=
github.com/hbstack/hb v0.7.1/go.mod h1:S/08mx1tK6yxjQIkSqvpqG8HrBzMBDJq1WC5QjXW9p0=
github.com/hbstack/hb v0.7.2/go.mod h1:ZOmDVAInLN3kwl/uoggHvj9e7dU5UFIcvswIGbNdq4M=
github.com/hbstack/header v0.12.0 h1:VMqJP3v2SMPnsiZ7VkcE1C1scyBc47FHM8AeDFbGBwI=
github.com/hbstack/header v0.12.0/go.mod h1:MkFJjAqVs/pgOEBjdCzBTdjT6q43It0PGvZh56OkdB4=
github.com/hbstack/header v0.12.1/go.mod h1:MkFJjAqVs/pgOEBjdCzBTdjT6q43It0PGvZh56OkdB4=
github.com/hbstack/header/modules/language-picker v0.1.21 h1:Ojupm9duGHP9SGjCcWdFllIl1I+StLhFzvy98zElu9M=
github.com/hbstack/header/modules/language-picker v0.1.21/go.mod h1:vlKi+qkfV0AVXl910GTj432RPrvIIUgTbejBO/vahM4=
github.com/hbstack/header/modules/language-picker v0.1.22/go.mod h1:UdCrzSFw8kluHZL5Vyhi0q01SDqe9Vz6RG8y+mpXMhw=
github.com/hbstack/header/modules/search v0.1.31 h1:ZlPBDqIwYM44NxXo1+s9AdrP39UCdn+dZ8nhTpkxYAc=
github.com/hbstack/header/modules/search v0.1.31/go.mod h1:chtAc5meafXNJhISM6uodmMCp0QJ5Mis6ZHhgPJewfk=
github.com/hbstack/header/modules/search v0.1.32/go.mod h1:i/nG4odj0NoN7/evRDX/+VfyNjNboDxXwnb5n+haRtc=
github.com/hbstack/header/modules/socials v0.1.27 h1:Refrx6jo1tSVNpWfBb2NFyveXcvCS3rfzgJcCUmfNUI=
github.com/hbstack/header/modules/socials v0.1.27/go.mod h1:5UmG5kRAdSeWSc7UuN+voFPq3hsKqMXfFZH+D0PNMO8=
github.com/hbstack/header/modules/socials v0.1.28/go.mod h1:N3tqnzmImktAMRJlwEBp7CX9zb2xrc4nyV4eSjNmGNM=
github.com/hbstack/header/modules/theme-toggle v0.2.0 h1:jJjrG0YHU5y6bFblXqJ+kPKg87nM0PLK4nQoz0Jr6zQ=
github.com/hbstack/header/modules/theme-toggle v0.2.0/go.mod h1:ljUc5lLVzRh7Fud+V0pob7c2CxIYPJe18++PGRAhLMI=
github.com/hbstack/header/modules/theme-toggle v0.2.1/go.mod h1:Nwcp4+cyMYquF5Jgo2EvOREBypvTqCpFd/0zpYg/4FI=
github.com/hbstack/header/modules/theme-toggle v0.3.1/go.mod h1:dlWVMYlCuvQOogTEU5AZUF0qLFu4niBUaVSoALvOTH4=
github.com/hbstack/heading-sign v0.1.3 h1:bkyBAwTETrbLqPBM89EuSscgLt2MOrmEPSeooeR0Jfc=
github.com/hbstack/heading-sign v0.1.3/go.mod h1:uR6DdjYDoLDFanc8kSglEe/08GyNyQBmyNEJ6Z1KRAg=
github.com/hbstack/mermaid v0.1.0 h1:T/3Az7xujbFmbC4r1tZGKTwt6GOcz/72yc2N9oFNU2I=
github.com/hbstack/mermaid v0.1.0/go.mod h1:dQAfzX1SA4b3k5ytA8WPR5luxjX4ii7EdtoRsr8WLNw=
github.com/hbstack/meta/recommended v0.2.10 h1:RzRe2LT/lJxlsfGv5UzYC3onl7lp1VWbCm1jAb69kSw=
github.com/hbstack/meta/recommended v0.2.10/go.mod h1:OdGN+zqdgFbet5A6XrfjaTNUTd5L91rOUNRJxgq38fo=
github.com/hbstack/noscript v0.3.0 h1:Fx3mPettNitYX8dSAkY8IDnrx0+ZaYTHM2fy6MBpSas=
github.com/hbstack/noscript v0.3.0/go.mod h1:YLqA9Y8R1yfkTEgtURXb5it5bZKuOiE1ZKyVyLn0RrU=
github.com/hbstack/noscript v0.4.0/go.mod h1:BvSmPt+YXX3boc6pIncpIi+hEAYDiCw18eldLBBWHJc=
github.com/hbstack/noscript v0.5.0/go.mod h1:BvSmPt+YXX3boc6pIncpIi+hEAYDiCw18eldLBBWHJc=
github.com/hbstack/pagination v0.3.0 h1:/gbaeyrS5O42yam7snQpjG6tSGr0Mc8ZQV3sPb77/aI=
github.com/hbstack/pagination v0.3.0/go.mod h1:rYUcK2N6NxzLiy67xfXzt1xSCE5QKFPYHG3+2hsecYQ=
github.com/hbstack/pagination v0.4.0/go.mod h1:xAvZzN0UZW0j/IAUipcRIIQ7P9Sq44M3k47HaHy7OuU=
github.com/hbstack/pagination v0.5.0/go.mod h1:xAvZzN0UZW0j/IAUipcRIIQ7P9Sq44M3k47HaHy7OuU=
github.com/hbstack/pagination v0.6.0/go.mod h1:xAvZzN0UZW0j/IAUipcRIIQ7P9Sq44M3k47HaHy7OuU=
github.com/hbstack/progress-bar v0.1.0 h1:2ZiGS3RFZbZYBUbT2nFCoU9SJsbD9jtV4A7ab41B4jg=
github.com/hbstack/progress-bar v0.1.0/go.mod h1:JZt160XK62FxThzt+RmokjOww3De8ZL0ITcxMJLVE7g=
github.com/hbstack/pwa v0.1.2 h1:zJhLf5Uf+jO9aCBKvFcASlw7sULK2i0qUJZxscBo0HM=
github.com/hbstack/pwa v0.1.2/go.mod h1:8x01rczLrSw1aCWD+yrn6v5FRQPtaEh/PYCtFDICEWo=
github.com/hbstack/scrollbar v0.1.0 h1:uQMNbkWbLxnjQMiD3zdt33RG48sY2a0XWyGQkK2HsyY=
github.com/hbstack/scrollbar v0.1.0/go.mod h1:BEDha5gOjQfXBKZfwT+4vn8hCE88qElocjEI2SY1eAs=
github.com/hbstack/search v0.1.7 h1:5u1aCCAqtuh0vHENqGOvKsJ0q7il7kO2zYnBWjETAFw=
github.com/hbstack/search v0.1.7/go.mod h1:VLRF5mP2a1YBMH+o+0zEFEclb+NzKlpZmIfY+1aIGDM=
github.com/hbstack/slide v0.3.0 h1:7PogXiTG8qwG2V1EBXylo/JqRZwc3Oroxqfe+IM8yEs=
github.com/hbstack/slide v0.3.0/go.mod h1:iKDyeU/HJpjXiwsAScBH626Z0oTCsfiK6Tt1O1RxEjc=
github.com/hbstack/snackbar v0.1.2 h1:/9R2CdWnLcOBobxzdpe30cgM1gcKJAXtbVbZtp2pgmY=
github.com/hbstack/snackbar v0.1.2/go.mod h1:4uZSGpI9ZtR9by0bA8yJW2y61sRks2W4a8VvyMluXuo=
github.com/hbstack/socials v0.7.0 h1:DDhH4oN+MivQlQP+VE2e3DcMGQOGmztrnnjdtkAyJNU=
github.com/hbstack/socials v0.7.0/go.mod h1:0IViwiReyAknJBIXFqhThn6m13jbib6lLFYfMIWZYzY=
github.com/hbstack/socials v0.8.0/go.mod h1:D9aDcI9L3rlQpCPhpPfPUerKmH0Fr6LezwLJYeFWfRQ=
github.com/hbstack/socials v0.9.0/go.mod h1:8H+ztN27J59oWcQyQTFj95HsauF2a22GXqQlNMGTQw4=
github.com/hbstack/syntax-highlighting v0.1.0 h1:WxdhNgCktllNKQDqu1BmLmg9dsi77/dXIlcdQ8KZZI0=
github.com/hbstack/syntax-highlighting v0.1.0/go.mod h1:6IoaM+tSIkKZblIrT1i5L3zVH68nt4UScU9JB30FQsc=
github.com/hbstack/syntax-highlighting/styles/gruvbox v0.1.0 h1:lGH8nqOU/+3yzHIk5s1nTrzHDImEnvLkr/0viuPfx3Y=
github.com/hbstack/syntax-highlighting/styles/gruvbox v0.1.0/go.mod h1:ar5ZFplNyVZCVG6rvo69co1hNZwptxtrDz3zproGLPg=
github.com/hbstack/toc-scrollspy v0.1.0 h1:sr9HidxHVYeSZR1FVOGQzphONSsct/OscbWPSV+vMlo=
github.com/hbstack/toc-scrollspy v0.1.0/go.mod h1:wIqdWFRjqGGKX6Y5XVRQzaBBeZ91kZBKgovQp8IPvtk=
github.com/henrygd/bigger-picture v1.1.12 h1:0SwIX+ZY1Jt2DyRX9Tswt8JrB0NNARBN899bVzF0DGA=
github.com/henrygd/bigger-picture v1.1.12/go.mod h1:LayqbjDNNsZH+ZXklmjBe5T02qxpH9Cah/ygAraOBIk=
github.com/hugomods/base v0.4.0 h1:jzBIJpqDx8aLAlNe/zF1xbefu1XYxumZc39tOO0ZjSw=
github.com/hugomods/base v0.4.0/go.mod h1:hnWCPbVxuhXBwdFax3mmbMlWKmIo/7OP36MCLOyHtT4=
github.com/hugomods/bootstrap v0.13.0 h1:0xtsCsx1Kek4iYpQHX1LLxHPYt/f7qABEGv1qPaWBSI=
github.com/hugomods/bootstrap v0.13.0/go.mod h1:7IkovSZw/9Grx2bgcTMielY5vvLjPBzy5x/bPIA1BlY=
github.com/hugomods/bootstrap v0.14.0/go.mod h1:xibujTCci1NMBmQ8jzvxAYx2bKKQVWaoaZYNcnx6tGQ=
github.com/hugomods/code-block-panel v0.3.0 h1:OqwO2qZ7sR0txDldVzUaaUexqPy74iXDD9TZUysiYVw=
github.com/hugomods/code-block-panel v0.3.0/go.mod h1:3J9yUxaShbhYvFFZbGVHcBoHPl6TUKLL3f2fTsnVNNg=
github.com/hugomods/code-block-panel v0.4.0/go.mod h1:3J9yUxaShbhYvFFZbGVHcBoHPl6TUKLL3f2fTsnVNNg=
github.com/hugomods/code-block-panel v0.5.0/go.mod h1:3J9yUxaShbhYvFFZbGVHcBoHPl6TUKLL3f2fTsnVNNg=
github.com/hugomods/font-awesome v6.4.2+incompatible h1:oTdZYvNEXRuocAaGTa8f6ZET9e+cjD8JXpZRG7dx8Qw=
github.com/hugomods/font-awesome v6.4.2+incompatible/go.mod h1:C2wW6xDvHkcMlJMVTPQ+Npt+rO0OGv13xT1iyll2z2Q=
github.com/hugomods/fuse-js v0.1.0 h1:CmWHBZANvjOP44RDNQNLntqlLf9GLqeM29jekxTNcPE=
github.com/hugomods/fuse-js v0.1.0/go.mod h1:srCqvtBQR02HS/abTraDU4oINv1D3PljNPdexdoHhpo=
github.com/hugomods/giscus v0.1.1 h1:Kb8137Cp2nQJPFb6e+CdXy8nyIAJ2dFIymG4bDdaXWI=
github.com/hugomods/giscus v0.1.1/go.mod h1:tCRkqNi/sMsLh3kjDesXZNzf4R/w+b5oc5boS/l8Jtw=
github.com/hugomods/gravatar v0.2.0 h1:642HNhGN7Mw7qefNcUFJKzLoT2zJKt4IQkrS53mIUfA=
github.com/hugomods/gravatar v0.2.0/go.mod h1:oATWuh5u2XUK/ZKzOD0VEP5I/TZfVZwplTyhT61Q4Fc=
github.com/hugomods/hugopress v0.2.2 h1:2gBGs1RrOSYWNBu8PcqApQNN63jLsBfAViMSvh6QiX4=
github.com/hugomods/hugopress v0.2.2/go.mod h1:CRYvr60xOkZOf4Atkuj+uEj2EH5pjJ39Ws3aJAkoMkA=
github.com/hugomods/i18n-js v0.2.1 h1:uIUl4LiYdwo8IK08oq7OmluYLedL21Wc9Rig1taDTSI=
github.com/hugomods/i18n-js v0.2.1/go.mod h1:eJfxjgI2CQsNA1/ReIVvr5127DftUKcbHd2A2SQmDvU=
github.com/hugomods/icons v0.6.0 h1:G6RU93okhPPRDh/jqcew9gwkcYpSpg0rCBv4S6yUAFw=
github.com/hugomods/icons v0.6.0/go.mod h1:cIkSvK6W0q6N4U6n9KGz+QfRWQXAW0INd+1P31gPNGg=
github.com/hugomods/icons/vendors/bootstrap v0.5.1 h1:H4G4kK9ltn3Cn/oyi+i7qhSyxPA+U4L85fUFQ9wNnxo=
github.com/hugomods/icons/vendors/bootstrap v0.5.1/go.mod h1:tFEoO7zed/8FDT6LeKLGnzDbx7D8HK7ZaLshnF0RYjQ=
github.com/hugomods/icons/vendors/bootstrap v0.5.2/go.mod h1:O+9YwW2aJiOIC7R/zmSnoiZjiix1HMJD5J7NRLxRg+M=
github.com/hugomods/icons/vendors/font-awesome v0.6.1 h1:MyYF67fPthN4EDkT/IwY0ydowxzE6J/oKFTltOCY2vY=
github.com/hugomods/icons/vendors/font-awesome v0.6.1/go.mod h1:kmMci4qX8yTQPT28sskzKRudJiQAAiZZugjNbkakRhk=
github.com/hugomods/icons/vendors/simple-icons v1.0.19 h1:EW0gsvIo5FMKNRdBtwGU0X3G6D1FSMf4l8OVFpCDPxU=
github.com/hugomods/icons/vendors/simple-icons v1.0.19/go.mod h1:9MeUCHoTT5TXJnS+YRv5ML8VZrDBvYEJx0sWjw0hHfM=
github.com/hugomods/icons/vendors/simple-icons v1.0.20/go.mod h1:8wbqQIjRS1HdnGDhTIhgfpHjfRDU5/k3223eEVJYyeE=
github.com/hugomods/icons/vendors/simple-icons v1.0.21/go.mod h1:l5nhvpMaZiL2iVTl0KCvOE5PzXUfXsODQiQ5u7fqX9w=
github.com/hugomods/icons/vendors/simple-icons v1.0.22/go.mod h1:baULjal4gCvJeiuE4BMxkR2Gh1IWhVvJRJ0FJiSxMwo=
github.com/hugomods/idb-js v0.1.0 h1:mA6hEGtR0aFEdmq9zYMGpfSpCU6SMilx9RzC4uK3DqY=
github.com/hugomods/idb-js v0.1.0/go.mod h1:GPfnmr+BQpP4s6Epd4Yu+RlUog8q/Djw8qy8BZFWZ04=
github.com/hugomods/images v0.8.0 h1:rsI+Akwbz+Vd3mI0leAlCD8R696usHw13nH972mTe4E=
github.com/hugomods/images v0.8.0/go.mod h1:U6Gwj16LKvk66rOMyGFrnF6f0aV8lT89lqOsckOAjYY=
github.com/hugomods/images v0.8.1/go.mod h1:U6Gwj16LKvk66rOMyGFrnF6f0aV8lT89lqOsckOAjYY=
github.com/hugomods/images v0.8.2/go.mod h1:U6Gwj16LKvk66rOMyGFrnF6f0aV8lT89lqOsckOAjYY=
github.com/hugomods/images v0.8.3/go.mod h1:U6Gwj16LKvk66rOMyGFrnF6f0aV8lT89lqOsckOAjYY=
github.com/hugomods/katex v0.3.0 h1:hq0Kels9clL38Y2K/QZgXFKF7hQuumyQYz16TT4/Hhk=
github.com/hugomods/katex v0.3.0/go.mod h1:EBY1YQTN6F8FDQz+mWp3EzEh8vDN31YjL9luVni+Wm0=
github.com/hugomods/mermaid v0.1.1 h1:12b8DbdiKOTtPmkWOMXsBz3LKkAWVqa5tGkbEboj0a4=
github.com/hugomods/mermaid v0.1.1/go.mod h1:7sKIZLAeYsXXnKRh4KR70UQx27xnzf0mSQ2o99zTLS0=
github.com/hugomods/pwa v0.4.0 h1:30kVoZuzKErhKFaQcpPtnxPQL6DSg8qNNYxhQrmbBUQ=
github.com/hugomods/pwa v0.4.0/go.mod h1:22AYzuQ64DKY2WJAytKqRKC2BIFc6j39Jo8tTQE+6Xc=
github.com/hugomods/pwa v0.5.1/go.mod h1:22AYzuQ64DKY2WJAytKqRKC2BIFc6j39Jo8tTQE+6Xc=
github.com/hugomods/pwa v0.6.0/go.mod h1:22AYzuQ64DKY2WJAytKqRKC2BIFc6j39Jo8tTQE+6Xc=
github.com/hugomods/search v0.5.0 h1:lDZ7ERD8cXql/0YcRTX31CFxDybLNht1wtxKa0zPlr4=
github.com/hugomods/search v0.5.0/go.mod h1:FURp5HBUm8JiuJajLk9sZ1Z1QUSJATboYEp1sFi46a4=
github.com/hugomods/search v0.7.0/go.mod h1:FURp5HBUm8JiuJajLk9sZ1Z1QUSJATboYEp1sFi46a4=
github.com/hugomods/search v0.8.1/go.mod h1:FURp5HBUm8JiuJajLk9sZ1Z1QUSJATboYEp1sFi46a4=
github.com/hugomods/seo/modules/alternatives v0.1.0 h1:G5IjM7j7ExgXEMyxQj1Z/5JwwRW8DEmL0nDJYxA3NhE=
github.com/hugomods/seo/modules/alternatives v0.1.0/go.mod h1:ff9uz+f5yii9k2jbwt/HKM3RpLR3EYZrNQBAOabNxMA=
github.com/hugomods/seo/modules/base v0.1.0 h1:ZEkWuYeRJeQakBkBThO3N3lmGzOZoPixs4pDugJXfJk=
github.com/hugomods/seo/modules/base v0.1.0/go.mod h1:qfm1Vga0eGxL+Szgz8Jopm+NtJ5PGov2a2dikTg1qSg=
github.com/hugomods/seo/modules/favicons v0.2.0 h1:pzQMocbHHMNNiuE5vsCxE4qqaJBprYAUX4EOoiF+ynM=
github.com/hugomods/seo/modules/favicons v0.2.0/go.mod h1:xFDhrpWUZR4NMMVkilzT6xFBHiF5eyCQ8PlzOS2K9lY=
github.com/hugomods/seo/modules/favicons v0.2.1/go.mod h1:xFDhrpWUZR4NMMVkilzT6xFBHiF5eyCQ8PlzOS2K9lY=
github.com/hugomods/seo/modules/open-graph v0.1.0 h1:Whveal1j1n2xZWcAlNAd2rdfKp7Fh5apol36wLGLb54=
github.com/hugomods/seo/modules/open-graph v0.1.0/go.mod h1:G7mXf7D1QtRN/i7A9v+cUF5P55H/QaxRqxJ8tp9fVq4=
github.com/hugomods/seo/modules/schema v0.1.1 h1:8IuJxCOxk9pfKpCFMik5fDCX7zaFwkGoeKacnYV0sgA=
github.com/hugomods/seo/modules/schema v0.1.1/go.mod h1:R6hRr2FIJITcMnFA/3V3dPAZgGQLNWGS7v1PLsmVRxU=
github.com/hugomods/seo/modules/translations v0.1.0 h1:wPDuPKGx/x+otHn2HfAankKCGQxSrC3gLHhRHpNjC18=
github.com/hugomods/seo/modules/translations v0.1.0/go.mod h1:yU2p2hk2dK86YNRU9zfoWRoCrYmrjEmf3oN7cCTbzcM=
github.com/hugomods/seo/modules/twitter-cards v0.1.0 h1:jH9WfmFZ3kCndUkATM/D/BYL+TQYoXA7/IxgQJbifKQ=
github.com/hugomods/seo/modules/twitter-cards v0.1.0/go.mod h1:QYs7SWbhXSQrsn/RHZSD7DwzaCHFpoLQdVPxEI3j63k=
github.com/hugomods/shortcodes v0.12.1 h1:bhPTgbDIUEG8Hqi0eMESdrCN9Ot4SE3zV0TXSUlo+Fo=
github.com/hugomods/shortcodes v0.12.1/go.mod h1:EnVopbZMNI/HeteM3Lp3phBTCRLvPSe7l142qhRFFPY=
github.com/hugomods/simple-icons v9.19.0+incompatible h1:ty/XvC8Sjr9QSYSa59fJ8aGfGsjEFj0sbJ5XAbT+/KQ=
github.com/hugomods/simple-icons v9.19.0+incompatible/go.mod h1:1Lvymol7AMVY7ji/o88jMoDHHZIJ5Wc+WwNe5hjmk+U=
github.com/hugomods/simple-icons v9.19.1+incompatible/go.mod h1:1Lvymol7AMVY7ji/o88jMoDHHZIJ5Wc+WwNe5hjmk+U=
github.com/hugomods/simple-icons v9.20.0+incompatible/go.mod h1:1Lvymol7AMVY7ji/o88jMoDHHZIJ5Wc+WwNe5hjmk+U=
github.com/hugomods/simple-icons v9.21.0+incompatible/go.mod h1:1Lvymol7AMVY7ji/o88jMoDHHZIJ5Wc+WwNe5hjmk+U=
github.com/hugomods/snackbar v0.1.2 h1:SLpfH9jlYwf81epH7DvM2XTZHo+3fXXpk6XKtxmo964=
github.com/hugomods/snackbar v0.1.2/go.mod h1:ykFm0IFibeQPuPAm8Gaa27xJS/bNZcSez4omVSl2gQ0=
github.com/hugomods/workbox v0.1.0 h1:yxuTj3gT1BNf6OitxrjxSJXfmbFBj2UTwdWr142eYFQ=
github.com/hugomods/workbox v0.1.0/go.mod h1:RpFcIcltqYsiHWJV6PHPOdMagFZxO7nrO5XUpn/TMoc=
github.com/jakearchibald/idb v7.1.1+incompatible h1:/o1ng3qUjgMUeeKFim3J3tiQAitcVXU12pXIjSzwT/c=
github.com/jakearchibald/idb v7.1.1+incompatible/go.mod h1:AuDoW54s2DKfbclM+ScrnPp8ahUQ9rHph9bb8sZTEXc=
github.com/krisk/Fuse v7.0.0+incompatible h1:jVyg6No+Joc51Rn97QQYJZIpCxzd4ywACn/4+FKWjvo=
github.com/krisk/Fuse v7.0.0+incompatible/go.mod h1:3moWv8rDjwoKic9nwiPLgZjldkbdTAbtzJHCu/Vsj4A=
github.com/twbs/bootstrap v5.3.2+incompatible h1:tuiO5acc6xnZUR77Sbi5aKWXxjYxbmsSbJwYrhAKoQQ=
github.com/twbs/bootstrap v5.3.2+incompatible/go.mod h1:fZTSrkpSf0/HkL0IIJzvVspTt1r9zuf7XlZau8kpcY0=
github.com/twbs/icons v1.11.1 h1:lMKkMwupTDfBJWXx6RFLwfYuCmqG/uUAu2LaOf7bZjU=
github.com/twbs/icons v1.11.1/go.mod h1:GnRlymgVWp5iVJCMa0Me5b6tFyGpVc2bSxPMRGIJmyA=
github.com/twbs/icons v1.11.2/go.mod h1:GnRlymgVWp5iVJCMa0Me5b6tFyGpVc2bSxPMRGIJmyA=
